// !$*UTF8*$!
{
	archiveVersion = 1;
	classes = {
	};
	objectVersion = 46;
	objects = {

/* Begin PBXBuildFile section */
		D31600121A3FD1C2004F36CF /* gorynlich_16x16.png in Resources */ = {isa = PBXBuildFile; fileRef = D316FFFB1A3FD1C1004F36CF /* gorynlich_16x16.png */; };
		D31600131A3FD1C2004F36CF /* gorynlich_24x24.png in Resources */ = {isa = PBXBuildFile; fileRef = D316FFFC1A3FD1C1004F36CF /* gorynlich_24x24.png */; };
		D31600141A3FD1C2004F36CF /* gorynlich_29x29.png in Resources */ = {isa = PBXBuildFile; fileRef = D316FFFD1A3FD1C2004F36CF /* gorynlich_29x29.png */; };
		D31600151A3FD1C2004F36CF /* gorynlich_32x32.png in Resources */ = {isa = PBXBuildFile; fileRef = D316FFFE1A3FD1C2004F36CF /* gorynlich_32x32.png */; };
		D31600161A3FD1C2004F36CF /* gorynlich_48x48.png in Resources */ = {isa = PBXBuildFile; fileRef = D316FFFF1A3FD1C2004F36CF /* gorynlich_48x48.png */; };
		D31600171A3FD1C2004F36CF /* gorynlich_50x50.png in Resources */ = {isa = PBXBuildFile; fileRef = D31600001A3FD1C2004F36CF /* gorynlich_50x50.png */; };
		D31600181A3FD1C2004F36CF /* gorynlich_57x57.png in Resources */ = {isa = PBXBuildFile; fileRef = D31600011A3FD1C2004F36CF /* gorynlich_57x57.png */; };
		D31600191A3FD1C2004F36CF /* gorynlich_58x58.png in Resources */ = {isa = PBXBuildFile; fileRef = D31600021A3FD1C2004F36CF /* gorynlich_58x58.png */; };
		D316001A1A3FD1C2004F36CF /* gorynlich_72x72.png in Resources */ = {isa = PBXBuildFile; fileRef = D31600031A3FD1C2004F36CF /* gorynlich_72x72.png */; };
		D316001B1A3FD1C2004F36CF /* gorynlich_96x96.png in Resources */ = {isa = PBXBuildFile; fileRef = D31600041A3FD1C2004F36CF /* gorynlich_96x96.png */; };
		D316001C1A3FD1C2004F36CF /* gorynlich_114x114.png in Resources */ = {isa = PBXBuildFile; fileRef = D31600051A3FD1C2004F36CF /* gorynlich_114x114.png */; };
		D316001D1A3FD1C2004F36CF /* gorynlich_128x128.png in Resources */ = {isa = PBXBuildFile; fileRef = D31600061A3FD1C2004F36CF /* gorynlich_128x128.png */; };
		D316001E1A3FD1C2004F36CF /* gorynlich_256x256.png in Resources */ = {isa = PBXBuildFile; fileRef = D31600071A3FD1C2004F36CF /* gorynlich_256x256.png */; };
		D316001F1A3FD1C2004F36CF /* gorynlich_512x512.icns in Resources */ = {isa = PBXBuildFile; fileRef = D31600081A3FD1C2004F36CF /* gorynlich_512x512.icns */; };
		D31600201A3FD1C2004F36CF /* gorynlich_512x512.png in Resources */ = {isa = PBXBuildFile; fileRef = D31600091A3FD1C2004F36CF /* gorynlich_512x512.png */; };
		D31600211A3FD1C2004F36CF /* gorynlich.png in Resources */ = {isa = PBXBuildFile; fileRef = D316000A1A3FD1C2004F36CF /* gorynlich.png */; };
		D31600221A3FD1C2004F36CF /* Icon-72.png in Resources */ = {isa = PBXBuildFile; fileRef = D316000B1A3FD1C2004F36CF /* Icon-72.png */; };
		D31600231A3FD1C2004F36CF /* Icon-Small-50.png in Resources */ = {isa = PBXBuildFile; fileRef = D316000C1A3FD1C2004F36CF /* Icon-Small-50.png */; };
		D31600241A3FD1C2004F36CF /* Icon-Small.png in Resources */ = {isa = PBXBuildFile; fileRef = D316000D1A3FD1C2004F36CF /* Icon-Small.png */; };
		D31600251A3FD1C2004F36CF /* Icon-Small@2x.png in Resources */ = {isa = PBXBuildFile; fileRef = D316000E1A3FD1C2004F36CF /* Icon-Small@2x.png */; };
		D31600261A3FD1C2004F36CF /* Icon.png in Resources */ = {isa = PBXBuildFile; fileRef = D316000F1A3FD1C2004F36CF /* Icon.png */; };
		D31600271A3FD1C2004F36CF /* Icon@2x.png in Resources */ = {isa = PBXBuildFile; fileRef = D31600101A3FD1C2004F36CF /* Icon@2x.png */; };
		D31600281A3FD1C2004F36CF /* iTunesArtwork in Resources */ = {isa = PBXBuildFile; fileRef = D31600111A3FD1C2004F36CF /* iTunesArtwork */; };
		D316002A1A3FD692004F36CF /* Images.xcassets in Resources */ = {isa = PBXBuildFile; fileRef = D31600291A3FD692004F36CF /* Images.xcassets */; };
		D33120B51A3E89D300F5B758 /* SDL2_net.framework in Frameworks */ = {isa = PBXBuildFile; fileRef = D3A1A3F31A3CED9E007BF3DA /* SDL2_net.framework */; };
		D33120B61A3E89EC00F5B758 /* SDL2_mixer.framework in Frameworks */ = {isa = PBXBuildFile; fileRef = D3A1A3F11A3CED77007BF3DA /* SDL2_mixer.framework */; };
		D33120B71A3E8A0A00F5B758 /* SDL2.framework in Frameworks */ = {isa = PBXBuildFile; fileRef = D3A1A3F41A3CED9E007BF3DA /* SDL2.framework */; };
		D37FAC691BC943DC0046094B /* ramdisk_1.S in Sources */ = {isa = PBXBuildFile; fileRef = D37FAC601BC943DC0046094B /* ramdisk_1.S */; };
		D37FAC6A1BC943DC0046094B /* ramdisk_2.S in Sources */ = {isa = PBXBuildFile; fileRef = D37FAC611BC943DC0046094B /* ramdisk_2.S */; };
		D37FAC6B1BC943DC0046094B /* ramdisk_3.S in Sources */ = {isa = PBXBuildFile; fileRef = D37FAC621BC943DC0046094B /* ramdisk_3.S */; };
		D37FAC6C1BC943DC0046094B /* ramdisk_4.S in Sources */ = {isa = PBXBuildFile; fileRef = D37FAC631BC943DC0046094B /* ramdisk_4.S */; };
		D37FAC6D1BC943DC0046094B /* ramdisk_5.S in Sources */ = {isa = PBXBuildFile; fileRef = D37FAC641BC943DC0046094B /* ramdisk_5.S */; };
		D37FAC6E1BC943DC0046094B /* ramdisk_6.S in Sources */ = {isa = PBXBuildFile; fileRef = D37FAC651BC943DC0046094B /* ramdisk_6.S */; };
		D37FAC6F1BC943DC0046094B /* ramdisk_7.S in Sources */ = {isa = PBXBuildFile; fileRef = D37FAC661BC943DC0046094B /* ramdisk_7.S */; };
		D37FAC701BC943DC0046094B /* ramdisk_8.S in Sources */ = {isa = PBXBuildFile; fileRef = D37FAC671BC943DC0046094B /* ramdisk_8.S */; };
		D37FAC711BC943DC0046094B /* ramdisk_9.S in Sources */ = {isa = PBXBuildFile; fileRef = D37FAC681BC943DC0046094B /* ramdisk_9.S */; };
		D37FAC731BC944060046094B /* thing_jesus.c in Sources */ = {isa = PBXBuildFile; fileRef = D37FAC721BC944060046094B /* thing_jesus.c */; };
		D3F880D11B40929800DE82BC /* wid.c in Sources */ = {isa = PBXBuildFile; fileRef = D3F880441B40929800DE82BC /* wid.c */; };
		D3F880D21B40929800DE82BC /* wid_tooltip.c in Sources */ = {isa = PBXBuildFile; fileRef = D3F880451B40929800DE82BC /* wid_tooltip.c */; };
		D3F880D31B40929800DE82BC /* wid_textbox.c in Sources */ = {isa = PBXBuildFile; fileRef = D3F880461B40929800DE82BC /* wid_textbox.c */; };
		D3F880D41B40929800DE82BC /* wid_text_input.c in Sources */ = {isa = PBXBuildFile; fileRef = D3F880471B40929800DE82BC /* wid_text_input.c */; };
		D3F880D61B40929800DE82BC /* wid_splash.c in Sources */ = {isa = PBXBuildFile; fileRef = D3F880491B40929800DE82BC /* wid_splash.c */; };
		D3F880D71B40929800DE82BC /* wid_server_join.c in Sources */ = {isa = PBXBuildFile; fileRef = D3F8804A1B40929800DE82BC /* wid_server_join.c */; };
		D3F880D81B40929800DE82BC /* wid_server_edit.c in Sources */ = {isa = PBXBuildFile; fileRef = D3F8804B1B40929800DE82BC /* wid_server_edit.c */; };
		D3F880D91B40929800DE82BC /* wid_server_create.c in Sources */ = {isa = PBXBuildFile; fileRef = D3F8804C1B40929800DE82BC /* wid_server_create.c */; };
		D3F880DA1B40929800DE82BC /* wid_popup.c in Sources */ = {isa = PBXBuildFile; fileRef = D3F8804D1B40929800DE82BC /* wid_popup.c */; };
		D3F880DB1B40929800DE82BC /* wid_player_stats.c in Sources */ = {isa = PBXBuildFile; fileRef = D3F8804E1B40929800DE82BC /* wid_player_stats.c */; };
		D3F880DC1B40929800DE82BC /* wid_player_inventory.c in Sources */ = {isa = PBXBuildFile; fileRef = D3F8804F1B40929800DE82BC /* wid_player_inventory.c */; };
		D3F880DD1B40929800DE82BC /* wid_player_info.c in Sources */ = {isa = PBXBuildFile; fileRef = D3F880501B40929800DE82BC /* wid_player_info.c */; };
		D3F880DE1B40929800DE82BC /* wid_player_action.c in Sources */ = {isa = PBXBuildFile; fileRef = D3F880511B40929800DE82BC /* wid_player_action.c */; };
		D3F880DF1B40929800DE82BC /* wid_numpad.c in Sources */ = {isa = PBXBuildFile; fileRef = D3F880521B40929800DE82BC /* wid_numpad.c */; };
		D3F880E01B40929800DE82BC /* wid_notify.c in Sources */ = {isa = PBXBuildFile; fileRef = D3F880531B40929800DE82BC /* wid_notify.c */; };
		D3F880E11B40929800DE82BC /* wid_menu.c in Sources */ = {isa = PBXBuildFile; fileRef = D3F880541B40929800DE82BC /* wid_menu.c */; };
		D3F880E21B40929800DE82BC /* wid_map.c in Sources */ = {isa = PBXBuildFile; fileRef = D3F880551B40929800DE82BC /* wid_map.c */; };
		D3F880E31B40929800DE82BC /* wid_keyboard.c in Sources */ = {isa = PBXBuildFile; fileRef = D3F880561B40929800DE82BC /* wid_keyboard.c */; };
		D3F880E41B40929800DE82BC /* wid_intro.c in Sources */ = {isa = PBXBuildFile; fileRef = D3F880571B40929800DE82BC /* wid_intro.c */; };
		D3F880E51B40929800DE82BC /* wid_intro_settings.c in Sources */ = {isa = PBXBuildFile; fileRef = D3F880581B40929800DE82BC /* wid_intro_settings.c */; };
		D3F880E61B40929800DE82BC /* wid_intro_demo.c in Sources */ = {isa = PBXBuildFile; fileRef = D3F880591B40929800DE82BC /* wid_intro_demo.c */; };
		D3F880E71B40929800DE82BC /* wid_intro_about.c in Sources */ = {isa = PBXBuildFile; fileRef = D3F8805A1B40929800DE82BC /* wid_intro_about.c */; };
		D3F880E81B40929800DE82BC /* wid_hiscore.c in Sources */ = {isa = PBXBuildFile; fileRef = D3F8805B1B40929800DE82BC /* wid_hiscore.c */; };
		D3F880E91B40929800DE82BC /* wid_game_quit.c in Sources */ = {isa = PBXBuildFile; fileRef = D3F8805C1B40929800DE82BC /* wid_game_quit.c */; };
		D3F880EA1B40929800DE82BC /* wid_game_over.c in Sources */ = {isa = PBXBuildFile; fileRef = D3F8805D1B40929800DE82BC /* wid_game_over.c */; };
		D3F880EB1B40929800DE82BC /* wid_game_map_server.c in Sources */ = {isa = PBXBuildFile; fileRef = D3F8805E1B40929800DE82BC /* wid_game_map_server.c */; };
		D3F880EC1B40929800DE82BC /* wid_game_map_client.c in Sources */ = {isa = PBXBuildFile; fileRef = D3F8805F1B40929800DE82BC /* wid_game_map_client.c */; };
		D3F880ED1B40929800DE82BC /* wid_editor.c in Sources */ = {isa = PBXBuildFile; fileRef = D3F880601B40929800DE82BC /* wid_editor.c */; };
		D3F880EE1B40929800DE82BC /* wid_dirlist.c in Sources */ = {isa = PBXBuildFile; fileRef = D3F880611B40929800DE82BC /* wid_dirlist.c */; };
		D3F880EF1B40929800DE82BC /* wid_dead.c in Sources */ = {isa = PBXBuildFile; fileRef = D3F880621B40929800DE82BC /* wid_dead.c */; };
		D3F880F01B40929800DE82BC /* wid_console.c in Sources */ = {isa = PBXBuildFile; fileRef = D3F880631B40929800DE82BC /* wid_console.c */; };
		D3F880F11B40929800DE82BC /* wid_cmap.c in Sources */ = {isa = PBXBuildFile; fileRef = D3F880641B40929800DE82BC /* wid_cmap.c */; };
		D3F880F21B40929800DE82BC /* wid_choose_stats.c in Sources */ = {isa = PBXBuildFile; fileRef = D3F880651B40929800DE82BC /* wid_choose_stats.c */; };
		D3F880F31B40929800DE82BC /* wid_choose_pclass.c in Sources */ = {isa = PBXBuildFile; fileRef = D3F880661B40929800DE82BC /* wid_choose_pclass.c */; };
		D3F880F41B40929800DE82BC /* wid_choose_name.c in Sources */ = {isa = PBXBuildFile; fileRef = D3F880671B40929800DE82BC /* wid_choose_name.c */; };
		D3F880F51B40929800DE82BC /* wid_choose_game_type.c in Sources */ = {isa = PBXBuildFile; fileRef = D3F880681B40929800DE82BC /* wid_choose_game_type.c */; };
		D3F880F61B40929800DE82BC /* wid_chat.c in Sources */ = {isa = PBXBuildFile; fileRef = D3F880691B40929800DE82BC /* wid_chat.c */; };
		D3F880F71B40929800DE82BC /* wid_button.c in Sources */ = {isa = PBXBuildFile; fileRef = D3F8806A1B40929800DE82BC /* wid_button.c */; };
		D3F880F81B40929800DE82BC /* wid_anim.c in Sources */ = {isa = PBXBuildFile; fileRef = D3F8806B1B40929800DE82BC /* wid_anim.c */; };
		D3F880F91B40929800DE82BC /* vision.c in Sources */ = {isa = PBXBuildFile; fileRef = D3F8806C1B40929800DE82BC /* vision.c */; };
		D3F880FA1B40929800DE82BC /* util.c in Sources */ = {isa = PBXBuildFile; fileRef = D3F8806D1B40929800DE82BC /* util.c */; };
		D3F880FB1B40929800DE82BC /* ttf.c in Sources */ = {isa = PBXBuildFile; fileRef = D3F8806E1B40929800DE82BC /* ttf.c */; };
		D3F880FC1B40929800DE82BC /* tree.c in Sources */ = {isa = PBXBuildFile; fileRef = D3F8806F1B40929800DE82BC /* tree.c */; };
		D3F880FE1B40929800DE82BC /* token.c in Sources */ = {isa = PBXBuildFile; fileRef = D3F880711B40929800DE82BC /* token.c */; };
		D3F880FF1B40929800DE82BC /* timer.c in Sources */ = {isa = PBXBuildFile; fileRef = D3F880721B40929800DE82BC /* timer.c */; };
		D3F881001B40929800DE82BC /* time.c in Sources */ = {isa = PBXBuildFile; fileRef = D3F880731B40929800DE82BC /* time.c */; };
		D3F881011B40929800DE82BC /* tile.c in Sources */ = {isa = PBXBuildFile; fileRef = D3F880741B40929800DE82BC /* tile.c */; };
		D3F881031B40929800DE82BC /* thing.c in Sources */ = {isa = PBXBuildFile; fileRef = D3F880761B40929800DE82BC /* thing.c */; };
		D3F881041B40929800DE82BC /* thing_xp.c in Sources */ = {isa = PBXBuildFile; fileRef = D3F880771B40929800DE82BC /* thing_xp.c */; };
		D3F881051B40929800DE82BC /* thing_weapon.c in Sources */ = {isa = PBXBuildFile; fileRef = D3F880781B40929800DE82BC /* thing_weapon.c */; };
		D3F881061B40929800DE82BC /* thing_vision.c in Sources */ = {isa = PBXBuildFile; fileRef = D3F880791B40929800DE82BC /* thing_vision.c */; };
		D3F881071B40929800DE82BC /* thing_torch.c in Sources */ = {isa = PBXBuildFile; fileRef = D3F8807A1B40929800DE82BC /* thing_torch.c */; };
		D3F881081B40929800DE82BC /* thing_timer.c in Sources */ = {isa = PBXBuildFile; fileRef = D3F8807B1B40929800DE82BC /* thing_timer.c */; };
		D3F881091B40929800DE82BC /* thing_tile.c in Sources */ = {isa = PBXBuildFile; fileRef = D3F8807C1B40929800DE82BC /* thing_tile.c */; };
		D3F8810A1B40929800DE82BC /* thing_tick.c in Sources */ = {isa = PBXBuildFile; fileRef = D3F8807D1B40929800DE82BC /* thing_tick.c */; };
		D3F8810B1B40929800DE82BC /* thing_template.c in Sources */ = {isa = PBXBuildFile; fileRef = D3F8807E1B40929800DE82BC /* thing_template.c */; };
		D3F8810C1B40929800DE82BC /* thing_teleport.c in Sources */ = {isa = PBXBuildFile; fileRef = D3F8807F1B40929800DE82BC /* thing_teleport.c */; };
		D3F8810D1B40929800DE82BC /* thing_stats.c in Sources */ = {isa = PBXBuildFile; fileRef = D3F880801B40929800DE82BC /* thing_stats.c */; };
		D3F8810E1B40929800DE82BC /* thing_spending_points.c in Sources */ = {isa = PBXBuildFile; fileRef = D3F880811B40929800DE82BC /* thing_spending_points.c */; };
		D3F8810F1B40929800DE82BC /* thing_speed.c in Sources */ = {isa = PBXBuildFile; fileRef = D3F880821B40929800DE82BC /* thing_speed.c */; };
		D3F881101B40929800DE82BC /* thing_shop.c in Sources */ = {isa = PBXBuildFile; fileRef = D3F880831B40929800DE82BC /* thing_shop.c */; };
		D3F881111B40929800DE82BC /* thing_shield.c in Sources */ = {isa = PBXBuildFile; fileRef = D3F880841B40929800DE82BC /* thing_shield.c */; };
		D3F881121B40929800DE82BC /* thing_server.c in Sources */ = {isa = PBXBuildFile; fileRef = D3F880851B40929800DE82BC /* thing_server.c */; };
		D3F881131B40929800DE82BC /* thing_random.c in Sources */ = {isa = PBXBuildFile; fileRef = D3F880861B40929800DE82BC /* thing_random.c */; };
		D3F881141B40929800DE82BC /* thing_place.c in Sources */ = {isa = PBXBuildFile; fileRef = D3F880871B40929800DE82BC /* thing_place.c */; };
		D3F881151B40929800DE82BC /* thing_mob_spawn.c in Sources */ = {isa = PBXBuildFile; fileRef = D3F880881B40929800DE82BC /* thing_mob_spawn.c */; };
		D3F881161B40929800DE82BC /* thing_magic.c in Sources */ = {isa = PBXBuildFile; fileRef = D3F880891B40929800DE82BC /* thing_magic.c */; };
		D3F881171B40929800DE82BC /* thing_item.c in Sources */ = {isa = PBXBuildFile; fileRef = D3F8808A1B40929800DE82BC /* thing_item.c */; };
		D3F881181B40929800DE82BC /* thing_health.c in Sources */ = {isa = PBXBuildFile; fileRef = D3F8808B1B40929800DE82BC /* thing_health.c */; };
		D3F881191B40929800DE82BC /* thing_fire.c in Sources */ = {isa = PBXBuildFile; fileRef = D3F8808C1B40929800DE82BC /* thing_fire.c */; };
		D3F8811A1B40929800DE82BC /* thing_explosion.c in Sources */ = {isa = PBXBuildFile; fileRef = D3F8808D1B40929800DE82BC /* thing_explosion.c */; };
		D3F8811B1B40929800DE82BC /* thing_exit.c in Sources */ = {isa = PBXBuildFile; fileRef = D3F8808E1B40929800DE82BC /* thing_exit.c */; };
		D3F8811C1B40929800DE82BC /* thing_effect.c in Sources */ = {isa = PBXBuildFile; fileRef = D3F8808F1B40929800DE82BC /* thing_effect.c */; };
		D3F8811D1B40929800DE82BC /* thing_dir.c in Sources */ = {isa = PBXBuildFile; fileRef = D3F880901B40929800DE82BC /* thing_dir.c */; };
		D3F8811E1B40929800DE82BC /* thing_defense.c in Sources */ = {isa = PBXBuildFile; fileRef = D3F880911B40929800DE82BC /* thing_defense.c */; };
		D3F8811F1B40929800DE82BC /* thing_death.c in Sources */ = {isa = PBXBuildFile; fileRef = D3F880921B40929800DE82BC /* thing_death.c */; };
		D3F881201B40929800DE82BC /* thing_damage.c in Sources */ = {isa = PBXBuildFile; fileRef = D3F880931B40929800DE82BC /* thing_damage.c */; };
		D3F881211B40929800DE82BC /* thing_collision.c in Sources */ = {isa = PBXBuildFile; fileRef = D3F880941B40929800DE82BC /* thing_collision.c */; };
		D3F881221B40929800DE82BC /* thing_client.c in Sources */ = {isa = PBXBuildFile; fileRef = D3F880951B40929800DE82BC /* thing_client.c */; };
		D3F881231B40929800DE82BC /* thing_bomb.c in Sources */ = {isa = PBXBuildFile; fileRef = D3F880961B40929800DE82BC /* thing_bomb.c */; };
		D3F881241B40929800DE82BC /* thing_blood.c in Sources */ = {isa = PBXBuildFile; fileRef = D3F880971B40929800DE82BC /* thing_blood.c */; };
		D3F881251B40929800DE82BC /* thing_anim.c in Sources */ = {isa = PBXBuildFile; fileRef = D3F880981B40929800DE82BC /* thing_anim.c */; };
		D3F881261B40929800DE82BC /* thing_ai.c in Sources */ = {isa = PBXBuildFile; fileRef = D3F880991B40929800DE82BC /* thing_ai.c */; };
		D3F881271B40929800DE82BC /* tex.c in Sources */ = {isa = PBXBuildFile; fileRef = D3F8809A1B40929800DE82BC /* tex.c */; };
		D3F881281B40929800DE82BC /* term.c in Sources */ = {isa = PBXBuildFile; fileRef = D3F8809B1B40929800DE82BC /* term.c */; };
		D3F881291B40929800DE82BC /* string.c in Sources */ = {isa = PBXBuildFile; fileRef = D3F8809C1B40929800DE82BC /* string.c */; };
		D3F8812A1B40929800DE82BC /* string_test.c in Sources */ = {isa = PBXBuildFile; fileRef = D3F8809D1B40929800DE82BC /* string_test.c */; };
		D3F8812B1B40929800DE82BC /* string_ext.c in Sources */ = {isa = PBXBuildFile; fileRef = D3F8809E1B40929800DE82BC /* string_ext.c */; };
		D3F8812C1B40929800DE82BC /* stb_image.c in Sources */ = {isa = PBXBuildFile; fileRef = D3F8809F1B40929800DE82BC /* stb_image.c */; };
		D3F8812D1B40929800DE82BC /* sound.c in Sources */ = {isa = PBXBuildFile; fileRef = D3F880A01B40929800DE82BC /* sound.c */; };
		D3F8812E1B40929800DE82BC /* socket.c in Sources */ = {isa = PBXBuildFile; fileRef = D3F880A11B40929800DE82BC /* socket.c */; };
		D3F8812F1B40929800DE82BC /* slre.c in Sources */ = {isa = PBXBuildFile; fileRef = D3F880A21B40929800DE82BC /* slre.c */; };
		D3F881301B40929800DE82BC /* server.c in Sources */ = {isa = PBXBuildFile; fileRef = D3F880A31B40929800DE82BC /* server.c */; };
		D3F881311B40929800DE82BC /* sdl.c in Sources */ = {isa = PBXBuildFile; fileRef = D3F880A41B40929800DE82BC /* sdl.c */; };
		D3F881321B40929800DE82BC /* resource.c in Sources */ = {isa = PBXBuildFile; fileRef = D3F880A51B40929800DE82BC /* resource.c */; };
		D3F881341B40929800DE82BC /* rand.c in Sources */ = {isa = PBXBuildFile; fileRef = D3F880A71B40929800DE82BC /* rand.c */; };
		D3F881351B40929800DE82BC /* ramdisk_read.c in Sources */ = {isa = PBXBuildFile; fileRef = D3F880A81B40929800DE82BC /* ramdisk_read.c */; };
		D3F881361B40929800DE82BC /* ptrcheck.c in Sources */ = {isa = PBXBuildFile; fileRef = D3F880A91B40929800DE82BC /* ptrcheck.c */; };
		D3F881381B40929800DE82BC /* point.c in Sources */ = {isa = PBXBuildFile; fileRef = D3F880AB1B40929800DE82BC /* point.c */; };
		D3F881391B40929800DE82BC /* player.c in Sources */ = {isa = PBXBuildFile; fileRef = D3F880AC1B40929800DE82BC /* player.c */; };
		D3F8813A1B40929800DE82BC /* pixel.c in Sources */ = {isa = PBXBuildFile; fileRef = D3F880AD1B40929800DE82BC /* pixel.c */; };
		D3F8813B1B40929800DE82BC /* pcg_basic.c in Sources */ = {isa = PBXBuildFile; fileRef = D3F880AE1B40929800DE82BC /* pcg_basic.c */; };
		D3F8813C1B40929800DE82BC /* name.c in Sources */ = {isa = PBXBuildFile; fileRef = D3F880AF1B40929800DE82BC /* name.c */; };
		D3F8813E1B40929800DE82BC /* mzip_lib.c in Sources */ = {isa = PBXBuildFile; fileRef = D3F880B11B40929800DE82BC /* mzip_lib.c */; };
		D3F8813F1B40929800DE82BC /* mzip_file.c in Sources */ = {isa = PBXBuildFile; fileRef = D3F880B21B40929800DE82BC /* mzip_file.c */; };
		D3F881411B40929800DE82BC /* music.c in Sources */ = {isa = PBXBuildFile; fileRef = D3F880B41B40929800DE82BC /* music.c */; };
		D3F881421B40929800DE82BC /* miniz.c in Sources */ = {isa = PBXBuildFile; fileRef = D3F880B51B40929800DE82BC /* miniz.c */; };
		D3F881441B40929800DE82BC /* math.c in Sources */ = {isa = PBXBuildFile; fileRef = D3F880B71B40929800DE82BC /* math.c */; };
		D3F881451B40929800DE82BC /* marshal.c in Sources */ = {isa = PBXBuildFile; fileRef = D3F880B81B40929800DE82BC /* marshal.c */; };
		D3F881481B40929800DE82BC /* map.c in Sources */ = {isa = PBXBuildFile; fileRef = D3F880BB1B40929800DE82BC /* map.c */; };
		D3F881491B40929800DE82BC /* map_jigsaw.c in Sources */ = {isa = PBXBuildFile; fileRef = D3F880BC1B40929800DE82BC /* map_jigsaw.c */; };
		D3F8814B1B40929800DE82BC /* main.c in Sources */ = {isa = PBXBuildFile; fileRef = D3F880BE1B40929800DE82BC /* main.c */; };
		D3F8814C1B40929800DE82BC /* log.c in Sources */ = {isa = PBXBuildFile; fileRef = D3F880BF1B40929800DE82BC /* log.c */; };
		D3F8814D1B40929800DE82BC /* level.c in Sources */ = {isa = PBXBuildFile; fileRef = D3F880C01B40929800DE82BC /* level.c */; };
		D3F8814E1B40929800DE82BC /* level_trigger.c in Sources */ = {isa = PBXBuildFile; fileRef = D3F880C11B40929800DE82BC /* level_trigger.c */; };
		D3F8814F1B40929800DE82BC /* init_fn.c in Sources */ = {isa = PBXBuildFile; fileRef = D3F880C21B40929800DE82BC /* init_fn.c */; };
		D3F881501B40929800DE82BC /* glshapes.c in Sources */ = {isa = PBXBuildFile; fileRef = D3F880C31B40929800DE82BC /* glshapes.c */; };
		D3F881511B40929800DE82BC /* gl.c in Sources */ = {isa = PBXBuildFile; fileRef = D3F880C41B40929800DE82BC /* gl.c */; };
		D3F881521B40929800DE82BC /* geo.c in Sources */ = {isa = PBXBuildFile; fileRef = D3F880C51B40929800DE82BC /* geo.c */; };
		D3F881531B40929800DE82BC /* font.c in Sources */ = {isa = PBXBuildFile; fileRef = D3F880C61B40929800DE82BC /* font.c */; };
		D3F881541B40929800DE82BC /* file.c in Sources */ = {isa = PBXBuildFile; fileRef = D3F880C71B40929800DE82BC /* file.c */; };
		D3F881561B40929800DE82BC /* dir.c in Sources */ = {isa = PBXBuildFile; fileRef = D3F880C91B40929800DE82BC /* dir.c */; };
		D3F881571B40929800DE82BC /* demarshal.c in Sources */ = {isa = PBXBuildFile; fileRef = D3F880CA1B40929800DE82BC /* demarshal.c */; };
		D3F881581B40929800DE82BC /* config.c in Sources */ = {isa = PBXBuildFile; fileRef = D3F880CB1B40929800DE82BC /* config.c */; };
		D3F881591B40929800DE82BC /* command.c in Sources */ = {isa = PBXBuildFile; fileRef = D3F880CC1B40929800DE82BC /* command.c */; };
		D3F8815A1B40929800DE82BC /* color.c in Sources */ = {isa = PBXBuildFile; fileRef = D3F880CD1B40929800DE82BC /* color.c */; };
		D3F8815B1B40929800DE82BC /* client.c in Sources */ = {isa = PBXBuildFile; fileRef = D3F880CE1B40929800DE82BC /* client.c */; };
		D3F8815C1B40929800DE82BC /* client_hooks.c in Sources */ = {isa = PBXBuildFile; fileRef = D3F880CF1B40929800DE82BC /* client_hooks.c */; };
		D3F8815D1B40929800DE82BC /* backtrace.c in Sources */ = {isa = PBXBuildFile; fileRef = D3F880D01B40929800DE82BC /* backtrace.c */; };
/* End PBXBuildFile section */

/* Begin PBXFileReference section */
		D31600001A3FD1C2004F36CF /* gorynlich_50x50.png */ = {isa = PBXFileReference; lastKnownFileType = image.png; name = gorynlich_50x50.png; path = ../../data/Resources/gorynlich_50x50.png; sourceTree = "<group>"; };
		D31600011A3FD1C2004F36CF /* gorynlich_57x57.png */ = {isa = PBXFileReference; lastKnownFileType = image.png; name = gorynlich_57x57.png; path = ../../data/Resources/gorynlich_57x57.png; sourceTree = "<group>"; };
		D31600021A3FD1C2004F36CF /* gorynlich_58x58.png */ = {isa = PBXFileReference; lastKnownFileType = image.png; name = gorynlich_58x58.png; path = ../../data/Resources/gorynlich_58x58.png; sourceTree = "<group>"; };
		D31600031A3FD1C2004F36CF /* gorynlich_72x72.png */ = {isa = PBXFileReference; lastKnownFileType = image.png; name = gorynlich_72x72.png; path = ../../data/Resources/gorynlich_72x72.png; sourceTree = "<group>"; };
		D31600041A3FD1C2004F36CF /* gorynlich_96x96.png */ = {isa = PBXFileReference; lastKnownFileType = image.png; name = gorynlich_96x96.png; path = ../../data/Resources/gorynlich_96x96.png; sourceTree = "<group>"; };
		D31600051A3FD1C2004F36CF /* gorynlich_114x114.png */ = {isa = PBXFileReference; lastKnownFileType = image.png; name = gorynlich_114x114.png; path = ../../data/Resources/gorynlich_114x114.png; sourceTree = "<group>"; };
		D31600061A3FD1C2004F36CF /* gorynlich_128x128.png */ = {isa = PBXFileReference; lastKnownFileType = image.png; name = gorynlich_128x128.png; path = ../../data/Resources/gorynlich_128x128.png; sourceTree = "<group>"; };
		D31600071A3FD1C2004F36CF /* gorynlich_256x256.png */ = {isa = PBXFileReference; lastKnownFileType = image.png; name = gorynlich_256x256.png; path = ../../data/Resources/gorynlich_256x256.png; sourceTree = "<group>"; };
		D31600081A3FD1C2004F36CF /* gorynlich_512x512.icns */ = {isa = PBXFileReference; lastKnownFileType = image.icns; name = gorynlich_512x512.icns; path = ../../data/Resources/gorynlich_512x512.icns; sourceTree = "<group>"; };
		D31600091A3FD1C2004F36CF /* gorynlich_512x512.png */ = {isa = PBXFileReference; lastKnownFileType = image.png; name = gorynlich_512x512.png; path = ../../data/Resources/gorynlich_512x512.png; sourceTree = "<group>"; };
		D316000A1A3FD1C2004F36CF /* gorynlich.png */ = {isa = PBXFileReference; lastKnownFileType = image.png; name = gorynlich.png; path = ../../data/Resources/gorynlich.png; sourceTree = "<group>"; };
		D316000B1A3FD1C2004F36CF /* Icon-72.png */ = {isa = PBXFileReference; lastKnownFileType = image.png; name = "Icon-72.png"; path = "../../data/Resources/Icon-72.png"; sourceTree = "<group>"; };
		D316000C1A3FD1C2004F36CF /* Icon-Small-50.png */ = {isa = PBXFileReference; lastKnownFileType = image.png; name = "Icon-Small-50.png"; path = "../../data/Resources/Icon-Small-50.png"; sourceTree = "<group>"; };
		D316000D1A3FD1C2004F36CF /* Icon-Small.png */ = {isa = PBXFileReference; lastKnownFileType = image.png; name = "Icon-Small.png"; path = "../../data/Resources/Icon-Small.png"; sourceTree = "<group>"; };
		D316000E1A3FD1C2004F36CF /* Icon-Small@2x.png */ = {isa = PBXFileReference; lastKnownFileType = image.png; name = "Icon-Small@2x.png"; path = "../../data/Resources/Icon-Small@2x.png"; sourceTree = "<group>"; };
		D316000F1A3FD1C2004F36CF /* Icon.png */ = {isa = PBXFileReference; lastKnownFileType = image.png; name = Icon.png; path = ../../data/Resources/Icon.png; sourceTree = "<group>"; };
		D31600101A3FD1C2004F36CF /* Icon@2x.png */ = {isa = PBXFileReference; lastKnownFileType = image.png; name = "Icon@2x.png"; path = "../../data/Resources/Icon@2x.png"; sourceTree = "<group>"; };
		D31600111A3FD1C2004F36CF /* iTunesArtwork */ = {isa = PBXFileReference; lastKnownFileType = file; name = iTunesArtwork; path = ../../data/Resources/iTunesArtwork; sourceTree = "<group>"; };
		D31600291A3FD692004F36CF /* Images.xcassets */ = {isa = PBXFileReference; lastKnownFileType = folder.assetcatalog; name = Images.xcassets; path = gorynlichOSX/Images.xcassets; sourceTree = "<group>"; };
		D316FFFB1A3FD1C1004F36CF /* gorynlich_16x16.png */ = {isa = PBXFileReference; lastKnownFileType = image.png; name = gorynlich_16x16.png; path = ../../data/Resources/gorynlich_16x16.png; sourceTree = "<group>"; };
		D316FFFC1A3FD1C1004F36CF /* gorynlich_24x24.png */ = {isa = PBXFileReference; lastKnownFileType = image.png; name = gorynlich_24x24.png; path = ../../data/Resources/gorynlich_24x24.png; sourceTree = "<group>"; };
		D316FFFD1A3FD1C2004F36CF /* gorynlich_29x29.png */ = {isa = PBXFileReference; lastKnownFileType = image.png; name = gorynlich_29x29.png; path = ../../data/Resources/gorynlich_29x29.png; sourceTree = "<group>"; };
		D316FFFE1A3FD1C2004F36CF /* gorynlich_32x32.png */ = {isa = PBXFileReference; lastKnownFileType = image.png; name = gorynlich_32x32.png; path = ../../data/Resources/gorynlich_32x32.png; sourceTree = "<group>"; };
		D316FFFF1A3FD1C2004F36CF /* gorynlich_48x48.png */ = {isa = PBXFileReference; lastKnownFileType = image.png; name = gorynlich_48x48.png; path = ../../data/Resources/gorynlich_48x48.png; sourceTree = "<group>"; };
		D33120461A3E83A600F5B758 /* gorynlichOSX.app */ = {isa = PBXFileReference; explicitFileType = wrapper.application; includeInIndex = 0; path = gorynlichOSX.app; sourceTree = BUILT_PRODUCTS_DIR; };
		D37FAC601BC943DC0046094B /* ramdisk_1.S */ = {isa = PBXFileReference; fileEncoding = 4; lastKnownFileType = sourcecode.asm; path = ramdisk_1.S; sourceTree = "<group>"; };
		D37FAC611BC943DC0046094B /* ramdisk_2.S */ = {isa = PBXFileReference; fileEncoding = 4; lastKnownFileType = sourcecode.asm; path = ramdisk_2.S; sourceTree = "<group>"; };
		D37FAC621BC943DC0046094B /* ramdisk_3.S */ = {isa = PBXFileReference; fileEncoding = 4; lastKnownFileType = sourcecode.asm; path = ramdisk_3.S; sourceTree = "<group>"; };
		D37FAC631BC943DC0046094B /* ramdisk_4.S */ = {isa = PBXFileReference; fileEncoding = 4; lastKnownFileType = sourcecode.asm; path = ramdisk_4.S; sourceTree = "<group>"; };
		D37FAC641BC943DC0046094B /* ramdisk_5.S */ = {isa = PBXFileReference; fileEncoding = 4; lastKnownFileType = sourcecode.asm; path = ramdisk_5.S; sourceTree = "<group>"; };
		D37FAC651BC943DC0046094B /* ramdisk_6.S */ = {isa = PBXFileReference; fileEncoding = 4; lastKnownFileType = sourcecode.asm; path = ramdisk_6.S; sourceTree = "<group>"; };
		D37FAC661BC943DC0046094B /* ramdisk_7.S */ = {isa = PBXFileReference; fileEncoding = 4; lastKnownFileType = sourcecode.asm; path = ramdisk_7.S; sourceTree = "<group>"; };
		D37FAC671BC943DC0046094B /* ramdisk_8.S */ = {isa = PBXFileReference; fileEncoding = 4; lastKnownFileType = sourcecode.asm; path = ramdisk_8.S; sourceTree = "<group>"; };
		D37FAC681BC943DC0046094B /* ramdisk_9.S */ = {isa = PBXFileReference; fileEncoding = 4; lastKnownFileType = sourcecode.asm; path = ramdisk_9.S; sourceTree = "<group>"; };
		D37FAC721BC944060046094B /* thing_jesus.c */ = {isa = PBXFileReference; fileEncoding = 4; lastKnownFileType = sourcecode.c.c; name = thing_jesus.c; path = ../../src/thing_jesus.c; sourceTree = "<group>"; };
		D3A1A3F11A3CED77007BF3DA /* SDL2_mixer.framework */ = {isa = PBXFileReference; lastKnownFileType = wrapper.framework; name = SDL2_mixer.framework; path = /Library/Frameworks/SDL2_mixer.framework; sourceTree = "<absolute>"; };
		D3A1A3F31A3CED9E007BF3DA /* SDL2_net.framework */ = {isa = PBXFileReference; lastKnownFileType = wrapper.framework; name = SDL2_net.framework; path = /Library/Frameworks/SDL2_net.framework; sourceTree = "<absolute>"; };
		D3A1A3F41A3CED9E007BF3DA /* SDL2.framework */ = {isa = PBXFileReference; lastKnownFileType = wrapper.framework; name = SDL2.framework; path = /Library/Frameworks/SDL2.framework; sourceTree = "<absolute>"; };
		D3F880441B40929800DE82BC /* wid.c */ = {isa = PBXFileReference; fileEncoding = 4; lastKnownFileType = sourcecode.c.c; name = wid.c; path = ../../src/wid.c; sourceTree = "<group>"; };
		D3F880451B40929800DE82BC /* wid_tooltip.c */ = {isa = PBXFileReference; fileEncoding = 4; lastKnownFileType = sourcecode.c.c; name = wid_tooltip.c; path = ../../src/wid_tooltip.c; sourceTree = "<group>"; };
		D3F880461B40929800DE82BC /* wid_textbox.c */ = {isa = PBXFileReference; fileEncoding = 4; lastKnownFileType = sourcecode.c.c; name = wid_textbox.c; path = ../../src/wid_textbox.c; sourceTree = "<group>"; };
		D3F880471B40929800DE82BC /* wid_text_input.c */ = {isa = PBXFileReference; fileEncoding = 4; lastKnownFileType = sourcecode.c.c; name = wid_text_input.c; path = ../../src/wid_text_input.c; sourceTree = "<group>"; };
		D3F880491B40929800DE82BC /* wid_splash.c */ = {isa = PBXFileReference; fileEncoding = 4; lastKnownFileType = sourcecode.c.c; name = wid_splash.c; path = ../../src/wid_splash.c; sourceTree = "<group>"; };
		D3F8804A1B40929800DE82BC /* wid_server_join.c */ = {isa = PBXFileReference; fileEncoding = 4; lastKnownFileType = sourcecode.c.c; name = wid_server_join.c; path = ../../src/wid_server_join.c; sourceTree = "<group>"; };
		D3F8804B1B40929800DE82BC /* wid_server_edit.c */ = {isa = PBXFileReference; fileEncoding = 4; lastKnownFileType = sourcecode.c.c; name = wid_server_edit.c; path = ../../src/wid_server_edit.c; sourceTree = "<group>"; };
		D3F8804C1B40929800DE82BC /* wid_server_create.c */ = {isa = PBXFileReference; fileEncoding = 4; lastKnownFileType = sourcecode.c.c; name = wid_server_create.c; path = ../../src/wid_server_create.c; sourceTree = "<group>"; };
		D3F8804D1B40929800DE82BC /* wid_popup.c */ = {isa = PBXFileReference; fileEncoding = 4; lastKnownFileType = sourcecode.c.c; name = wid_popup.c; path = ../../src/wid_popup.c; sourceTree = "<group>"; };
		D3F8804E1B40929800DE82BC /* wid_player_stats.c */ = {isa = PBXFileReference; fileEncoding = 4; lastKnownFileType = sourcecode.c.c; name = wid_player_stats.c; path = ../../src/wid_player_stats.c; sourceTree = "<group>"; };
		D3F8804F1B40929800DE82BC /* wid_player_inventory.c */ = {isa = PBXFileReference; fileEncoding = 4; lastKnownFileType = sourcecode.c.c; name = wid_player_inventory.c; path = ../../src/wid_player_inventory.c; sourceTree = "<group>"; };
		D3F880501B40929800DE82BC /* wid_player_info.c */ = {isa = PBXFileReference; fileEncoding = 4; lastKnownFileType = sourcecode.c.c; name = wid_player_info.c; path = ../../src/wid_player_info.c; sourceTree = "<group>"; };
		D3F880511B40929800DE82BC /* wid_player_action.c */ = {isa = PBXFileReference; fileEncoding = 4; lastKnownFileType = sourcecode.c.c; name = wid_player_action.c; path = ../../src/wid_player_action.c; sourceTree = "<group>"; };
		D3F880521B40929800DE82BC /* wid_numpad.c */ = {isa = PBXFileReference; fileEncoding = 4; lastKnownFileType = sourcecode.c.c; name = wid_numpad.c; path = ../../src/wid_numpad.c; sourceTree = "<group>"; };
		D3F880531B40929800DE82BC /* wid_notify.c */ = {isa = PBXFileReference; fileEncoding = 4; lastKnownFileType = sourcecode.c.c; name = wid_notify.c; path = ../../src/wid_notify.c; sourceTree = "<group>"; };
		D3F880541B40929800DE82BC /* wid_menu.c */ = {isa = PBXFileReference; fileEncoding = 4; lastKnownFileType = sourcecode.c.c; name = wid_menu.c; path = ../../src/wid_menu.c; sourceTree = "<group>"; };
		D3F880551B40929800DE82BC /* wid_map.c */ = {isa = PBXFileReference; fileEncoding = 4; lastKnownFileType = sourcecode.c.c; name = wid_map.c; path = ../../src/wid_map.c; sourceTree = "<group>"; };
		D3F880561B40929800DE82BC /* wid_keyboard.c */ = {isa = PBXFileReference; fileEncoding = 4; lastKnownFileType = sourcecode.c.c; name = wid_keyboard.c; path = ../../src/wid_keyboard.c; sourceTree = "<group>"; };
		D3F880571B40929800DE82BC /* wid_intro.c */ = {isa = PBXFileReference; fileEncoding = 4; lastKnownFileType = sourcecode.c.c; name = wid_intro.c; path = ../../src/wid_intro.c; sourceTree = "<group>"; };
		D3F880581B40929800DE82BC /* wid_intro_settings.c */ = {isa = PBXFileReference; fileEncoding = 4; lastKnownFileType = sourcecode.c.c; name = wid_intro_settings.c; path = ../../src/wid_intro_settings.c; sourceTree = "<group>"; };
		D3F880591B40929800DE82BC /* wid_intro_demo.c */ = {isa = PBXFileReference; fileEncoding = 4; lastKnownFileType = sourcecode.c.c; name = wid_intro_demo.c; path = ../../src/wid_intro_demo.c; sourceTree = "<group>"; };
		D3F8805A1B40929800DE82BC /* wid_intro_about.c */ = {isa = PBXFileReference; fileEncoding = 4; lastKnownFileType = sourcecode.c.c; name = wid_intro_about.c; path = ../../src/wid_intro_about.c; sourceTree = "<group>"; };
		D3F8805B1B40929800DE82BC /* wid_hiscore.c */ = {isa = PBXFileReference; fileEncoding = 4; lastKnownFileType = sourcecode.c.c; name = wid_hiscore.c; path = ../../src/wid_hiscore.c; sourceTree = "<group>"; };
		D3F8805C1B40929800DE82BC /* wid_game_quit.c */ = {isa = PBXFileReference; fileEncoding = 4; lastKnownFileType = sourcecode.c.c; name = wid_game_quit.c; path = ../../src/wid_game_quit.c; sourceTree = "<group>"; };
		D3F8805D1B40929800DE82BC /* wid_game_over.c */ = {isa = PBXFileReference; fileEncoding = 4; lastKnownFileType = sourcecode.c.c; name = wid_game_over.c; path = ../../src/wid_game_over.c; sourceTree = "<group>"; };
		D3F8805E1B40929800DE82BC /* wid_game_map_server.c */ = {isa = PBXFileReference; fileEncoding = 4; lastKnownFileType = sourcecode.c.c; name = wid_game_map_server.c; path = ../../src/wid_game_map_server.c; sourceTree = "<group>"; };
		D3F8805F1B40929800DE82BC /* wid_game_map_client.c */ = {isa = PBXFileReference; fileEncoding = 4; lastKnownFileType = sourcecode.c.c; name = wid_game_map_client.c; path = ../../src/wid_game_map_client.c; sourceTree = "<group>"; };
		D3F880601B40929800DE82BC /* wid_editor.c */ = {isa = PBXFileReference; fileEncoding = 4; lastKnownFileType = sourcecode.c.c; name = wid_editor.c; path = ../../src/wid_editor.c; sourceTree = "<group>"; };
		D3F880611B40929800DE82BC /* wid_dirlist.c */ = {isa = PBXFileReference; fileEncoding = 4; lastKnownFileType = sourcecode.c.c; name = wid_dirlist.c; path = ../../src/wid_dirlist.c; sourceTree = "<group>"; };
		D3F880621B40929800DE82BC /* wid_dead.c */ = {isa = PBXFileReference; fileEncoding = 4; lastKnownFileType = sourcecode.c.c; name = wid_dead.c; path = ../../src/wid_dead.c; sourceTree = "<group>"; };
		D3F880631B40929800DE82BC /* wid_console.c */ = {isa = PBXFileReference; fileEncoding = 4; lastKnownFileType = sourcecode.c.c; name = wid_console.c; path = ../../src/wid_console.c; sourceTree = "<group>"; };
		D3F880641B40929800DE82BC /* wid_cmap.c */ = {isa = PBXFileReference; fileEncoding = 4; lastKnownFileType = sourcecode.c.c; name = wid_cmap.c; path = ../../src/wid_cmap.c; sourceTree = "<group>"; };
		D3F880651B40929800DE82BC /* wid_choose_stats.c */ = {isa = PBXFileReference; fileEncoding = 4; lastKnownFileType = sourcecode.c.c; name = wid_choose_stats.c; path = ../../src/wid_choose_stats.c; sourceTree = "<group>"; };
		D3F880661B40929800DE82BC /* wid_choose_pclass.c */ = {isa = PBXFileReference; fileEncoding = 4; lastKnownFileType = sourcecode.c.c; name = wid_choose_pclass.c; path = ../../src/wid_choose_pclass.c; sourceTree = "<group>"; };
		D3F880671B40929800DE82BC /* wid_choose_name.c */ = {isa = PBXFileReference; fileEncoding = 4; lastKnownFileType = sourcecode.c.c; name = wid_choose_name.c; path = ../../src/wid_choose_name.c; sourceTree = "<group>"; };
		D3F880681B40929800DE82BC /* wid_choose_game_type.c */ = {isa = PBXFileReference; fileEncoding = 4; lastKnownFileType = sourcecode.c.c; name = wid_choose_game_type.c; path = ../../src/wid_choose_game_type.c; sourceTree = "<group>"; };
		D3F880691B40929800DE82BC /* wid_chat.c */ = {isa = PBXFileReference; fileEncoding = 4; lastKnownFileType = sourcecode.c.c; name = wid_chat.c; path = ../../src/wid_chat.c; sourceTree = "<group>"; };
		D3F8806A1B40929800DE82BC /* wid_button.c */ = {isa = PBXFileReference; fileEncoding = 4; lastKnownFileType = sourcecode.c.c; name = wid_button.c; path = ../../src/wid_button.c; sourceTree = "<group>"; };
		D3F8806B1B40929800DE82BC /* wid_anim.c */ = {isa = PBXFileReference; fileEncoding = 4; lastKnownFileType = sourcecode.c.c; name = wid_anim.c; path = ../../src/wid_anim.c; sourceTree = "<group>"; };
		D3F8806C1B40929800DE82BC /* vision.c */ = {isa = PBXFileReference; fileEncoding = 4; lastKnownFileType = sourcecode.c.c; name = vision.c; path = ../../src/vision.c; sourceTree = "<group>"; };
		D3F8806D1B40929800DE82BC /* util.c */ = {isa = PBXFileReference; fileEncoding = 4; lastKnownFileType = sourcecode.c.c; name = util.c; path = ../../src/util.c; sourceTree = "<group>"; };
		D3F8806E1B40929800DE82BC /* ttf.c */ = {isa = PBXFileReference; fileEncoding = 4; lastKnownFileType = sourcecode.c.c; name = ttf.c; path = ../../src/ttf.c; sourceTree = "<group>"; };
		D3F8806F1B40929800DE82BC /* tree.c */ = {isa = PBXFileReference; fileEncoding = 4; lastKnownFileType = sourcecode.c.c; name = tree.c; path = ../../src/tree.c; sourceTree = "<group>"; };
		D3F880711B40929800DE82BC /* token.c */ = {isa = PBXFileReference; fileEncoding = 4; lastKnownFileType = sourcecode.c.c; name = token.c; path = ../../src/token.c; sourceTree = "<group>"; };
		D3F880721B40929800DE82BC /* timer.c */ = {isa = PBXFileReference; fileEncoding = 4; lastKnownFileType = sourcecode.c.c; name = timer.c; path = ../../src/timer.c; sourceTree = "<group>"; };
		D3F880731B40929800DE82BC /* time.c */ = {isa = PBXFileReference; fileEncoding = 4; lastKnownFileType = sourcecode.c.c; name = time.c; path = ../../src/time.c; sourceTree = "<group>"; };
		D3F880741B40929800DE82BC /* tile.c */ = {isa = PBXFileReference; fileEncoding = 4; lastKnownFileType = sourcecode.c.c; name = tile.c; path = ../../src/tile.c; sourceTree = "<group>"; };
		D3F880761B40929800DE82BC /* thing.c */ = {isa = PBXFileReference; fileEncoding = 4; lastKnownFileType = sourcecode.c.c; name = thing.c; path = ../../src/thing.c; sourceTree = "<group>"; };
		D3F880771B40929800DE82BC /* thing_xp.c */ = {isa = PBXFileReference; fileEncoding = 4; lastKnownFileType = sourcecode.c.c; name = thing_xp.c; path = ../../src/thing_xp.c; sourceTree = "<group>"; };
		D3F880781B40929800DE82BC /* thing_weapon.c */ = {isa = PBXFileReference; fileEncoding = 4; lastKnownFileType = sourcecode.c.c; name = thing_weapon.c; path = ../../src/thing_weapon.c; sourceTree = "<group>"; };
		D3F880791B40929800DE82BC /* thing_vision.c */ = {isa = PBXFileReference; fileEncoding = 4; lastKnownFileType = sourcecode.c.c; name = thing_vision.c; path = ../../src/thing_vision.c; sourceTree = "<group>"; };
		D3F8807A1B40929800DE82BC /* thing_torch.c */ = {isa = PBXFileReference; fileEncoding = 4; lastKnownFileType = sourcecode.c.c; name = thing_torch.c; path = ../../src/thing_torch.c; sourceTree = "<group>"; };
		D3F8807B1B40929800DE82BC /* thing_timer.c */ = {isa = PBXFileReference; fileEncoding = 4; lastKnownFileType = sourcecode.c.c; name = thing_timer.c; path = ../../src/thing_timer.c; sourceTree = "<group>"; };
		D3F8807C1B40929800DE82BC /* thing_tile.c */ = {isa = PBXFileReference; fileEncoding = 4; lastKnownFileType = sourcecode.c.c; name = thing_tile.c; path = ../../src/thing_tile.c; sourceTree = "<group>"; };
		D3F8807D1B40929800DE82BC /* thing_tick.c */ = {isa = PBXFileReference; fileEncoding = 4; lastKnownFileType = sourcecode.c.c; name = thing_tick.c; path = ../../src/thing_tick.c; sourceTree = "<group>"; };
		D3F8807E1B40929800DE82BC /* thing_template.c */ = {isa = PBXFileReference; fileEncoding = 4; lastKnownFileType = sourcecode.c.c; name = thing_template.c; path = ../../src/thing_template.c; sourceTree = "<group>"; };
		D3F8807F1B40929800DE82BC /* thing_teleport.c */ = {isa = PBXFileReference; fileEncoding = 4; lastKnownFileType = sourcecode.c.c; name = thing_teleport.c; path = ../../src/thing_teleport.c; sourceTree = "<group>"; };
		D3F880801B40929800DE82BC /* thing_stats.c */ = {isa = PBXFileReference; fileEncoding = 4; lastKnownFileType = sourcecode.c.c; name = thing_stats.c; path = ../../src/thing_stats.c; sourceTree = "<group>"; };
		D3F880811B40929800DE82BC /* thing_spending_points.c */ = {isa = PBXFileReference; fileEncoding = 4; lastKnownFileType = sourcecode.c.c; name = thing_spending_points.c; path = ../../src/thing_spending_points.c; sourceTree = "<group>"; };
		D3F880821B40929800DE82BC /* thing_speed.c */ = {isa = PBXFileReference; fileEncoding = 4; lastKnownFileType = sourcecode.c.c; name = thing_speed.c; path = ../../src/thing_speed.c; sourceTree = "<group>"; };
		D3F880831B40929800DE82BC /* thing_shop.c */ = {isa = PBXFileReference; fileEncoding = 4; lastKnownFileType = sourcecode.c.c; name = thing_shop.c; path = ../../src/thing_shop.c; sourceTree = "<group>"; };
		D3F880841B40929800DE82BC /* thing_shield.c */ = {isa = PBXFileReference; fileEncoding = 4; lastKnownFileType = sourcecode.c.c; name = thing_shield.c; path = ../../src/thing_shield.c; sourceTree = "<group>"; };
		D3F880851B40929800DE82BC /* thing_server.c */ = {isa = PBXFileReference; fileEncoding = 4; lastKnownFileType = sourcecode.c.c; name = thing_server.c; path = ../../src/thing_server.c; sourceTree = "<group>"; };
		D3F880861B40929800DE82BC /* thing_random.c */ = {isa = PBXFileReference; fileEncoding = 4; lastKnownFileType = sourcecode.c.c; name = thing_random.c; path = ../../src/thing_random.c; sourceTree = "<group>"; };
		D3F880871B40929800DE82BC /* thing_place.c */ = {isa = PBXFileReference; fileEncoding = 4; lastKnownFileType = sourcecode.c.c; name = thing_place.c; path = ../../src/thing_place.c; sourceTree = "<group>"; };
		D3F880881B40929800DE82BC /* thing_mob_spawn.c */ = {isa = PBXFileReference; fileEncoding = 4; lastKnownFileType = sourcecode.c.c; name = thing_mob_spawn.c; path = ../../src/thing_mob_spawn.c; sourceTree = "<group>"; };
		D3F880891B40929800DE82BC /* thing_magic.c */ = {isa = PBXFileReference; fileEncoding = 4; lastKnownFileType = sourcecode.c.c; name = thing_magic.c; path = ../../src/thing_magic.c; sourceTree = "<group>"; };
		D3F8808A1B40929800DE82BC /* thing_item.c */ = {isa = PBXFileReference; fileEncoding = 4; lastKnownFileType = sourcecode.c.c; name = thing_item.c; path = ../../src/thing_item.c; sourceTree = "<group>"; };
		D3F8808B1B40929800DE82BC /* thing_health.c */ = {isa = PBXFileReference; fileEncoding = 4; lastKnownFileType = sourcecode.c.c; name = thing_health.c; path = ../../src/thing_health.c; sourceTree = "<group>"; };
		D3F8808C1B40929800DE82BC /* thing_fire.c */ = {isa = PBXFileReference; fileEncoding = 4; lastKnownFileType = sourcecode.c.c; name = thing_fire.c; path = ../../src/thing_fire.c; sourceTree = "<group>"; };
		D3F8808D1B40929800DE82BC /* thing_explosion.c */ = {isa = PBXFileReference; fileEncoding = 4; lastKnownFileType = sourcecode.c.c; name = thing_explosion.c; path = ../../src/thing_explosion.c; sourceTree = "<group>"; };
		D3F8808E1B40929800DE82BC /* thing_exit.c */ = {isa = PBXFileReference; fileEncoding = 4; lastKnownFileType = sourcecode.c.c; name = thing_exit.c; path = ../../src/thing_exit.c; sourceTree = "<group>"; };
		D3F8808F1B40929800DE82BC /* thing_effect.c */ = {isa = PBXFileReference; fileEncoding = 4; lastKnownFileType = sourcecode.c.c; name = thing_effect.c; path = ../../src/thing_effect.c; sourceTree = "<group>"; };
		D3F880901B40929800DE82BC /* thing_dir.c */ = {isa = PBXFileReference; fileEncoding = 4; lastKnownFileType = sourcecode.c.c; name = thing_dir.c; path = ../../src/thing_dir.c; sourceTree = "<group>"; };
		D3F880911B40929800DE82BC /* thing_defense.c */ = {isa = PBXFileReference; fileEncoding = 4; lastKnownFileType = sourcecode.c.c; name = thing_defense.c; path = ../../src/thing_defense.c; sourceTree = "<group>"; };
		D3F880921B40929800DE82BC /* thing_death.c */ = {isa = PBXFileReference; fileEncoding = 4; lastKnownFileType = sourcecode.c.c; name = thing_death.c; path = ../../src/thing_death.c; sourceTree = "<group>"; };
		D3F880931B40929800DE82BC /* thing_damage.c */ = {isa = PBXFileReference; fileEncoding = 4; lastKnownFileType = sourcecode.c.c; name = thing_damage.c; path = ../../src/thing_damage.c; sourceTree = "<group>"; };
		D3F880941B40929800DE82BC /* thing_collision.c */ = {isa = PBXFileReference; fileEncoding = 4; lastKnownFileType = sourcecode.c.c; name = thing_collision.c; path = ../../src/thing_collision.c; sourceTree = "<group>"; };
		D3F880951B40929800DE82BC /* thing_client.c */ = {isa = PBXFileReference; fileEncoding = 4; lastKnownFileType = sourcecode.c.c; name = thing_client.c; path = ../../src/thing_client.c; sourceTree = "<group>"; };
		D3F880961B40929800DE82BC /* thing_bomb.c */ = {isa = PBXFileReference; fileEncoding = 4; lastKnownFileType = sourcecode.c.c; name = thing_bomb.c; path = ../../src/thing_bomb.c; sourceTree = "<group>"; };
		D3F880971B40929800DE82BC /* thing_blood.c */ = {isa = PBXFileReference; fileEncoding = 4; lastKnownFileType = sourcecode.c.c; name = thing_blood.c; path = ../../src/thing_blood.c; sourceTree = "<group>"; };
		D3F880981B40929800DE82BC /* thing_anim.c */ = {isa = PBXFileReference; fileEncoding = 4; lastKnownFileType = sourcecode.c.c; name = thing_anim.c; path = ../../src/thing_anim.c; sourceTree = "<group>"; };
		D3F880991B40929800DE82BC /* thing_ai.c */ = {isa = PBXFileReference; fileEncoding = 4; lastKnownFileType = sourcecode.c.c; name = thing_ai.c; path = ../../src/thing_ai.c; sourceTree = "<group>"; };
		D3F8809A1B40929800DE82BC /* tex.c */ = {isa = PBXFileReference; fileEncoding = 4; lastKnownFileType = sourcecode.c.c; name = tex.c; path = ../../src/tex.c; sourceTree = "<group>"; };
		D3F8809B1B40929800DE82BC /* term.c */ = {isa = PBXFileReference; fileEncoding = 4; lastKnownFileType = sourcecode.c.c; name = term.c; path = ../../src/term.c; sourceTree = "<group>"; };
		D3F8809C1B40929800DE82BC /* string.c */ = {isa = PBXFileReference; fileEncoding = 4; lastKnownFileType = sourcecode.c.c; name = string.c; path = ../../src/string.c; sourceTree = "<group>"; };
		D3F8809D1B40929800DE82BC /* string_test.c */ = {isa = PBXFileReference; fileEncoding = 4; lastKnownFileType = sourcecode.c.c; name = string_test.c; path = ../../src/string_test.c; sourceTree = "<group>"; };
		D3F8809E1B40929800DE82BC /* string_ext.c */ = {isa = PBXFileReference; fileEncoding = 4; lastKnownFileType = sourcecode.c.c; name = string_ext.c; path = ../../src/string_ext.c; sourceTree = "<group>"; };
		D3F8809F1B40929800DE82BC /* stb_image.c */ = {isa = PBXFileReference; fileEncoding = 4; lastKnownFileType = sourcecode.c.c; name = stb_image.c; path = ../../src/stb_image.c; sourceTree = "<group>"; };
		D3F880A01B40929800DE82BC /* sound.c */ = {isa = PBXFileReference; fileEncoding = 4; lastKnownFileType = sourcecode.c.c; name = sound.c; path = ../../src/sound.c; sourceTree = "<group>"; };
		D3F880A11B40929800DE82BC /* socket.c */ = {isa = PBXFileReference; fileEncoding = 4; lastKnownFileType = sourcecode.c.c; name = socket.c; path = ../../src/socket.c; sourceTree = "<group>"; };
		D3F880A21B40929800DE82BC /* slre.c */ = {isa = PBXFileReference; fileEncoding = 4; lastKnownFileType = sourcecode.c.c; name = slre.c; path = ../../src/slre.c; sourceTree = "<group>"; };
		D3F880A31B40929800DE82BC /* server.c */ = {isa = PBXFileReference; fileEncoding = 4; lastKnownFileType = sourcecode.c.c; name = server.c; path = ../../src/server.c; sourceTree = "<group>"; };
		D3F880A41B40929800DE82BC /* sdl.c */ = {isa = PBXFileReference; fileEncoding = 4; lastKnownFileType = sourcecode.c.c; name = sdl.c; path = ../../src/sdl.c; sourceTree = "<group>"; };
		D3F880A51B40929800DE82BC /* resource.c */ = {isa = PBXFileReference; fileEncoding = 4; lastKnownFileType = sourcecode.c.c; name = resource.c; path = ../../src/resource.c; sourceTree = "<group>"; };
		D3F880A71B40929800DE82BC /* rand.c */ = {isa = PBXFileReference; fileEncoding = 4; lastKnownFileType = sourcecode.c.c; name = rand.c; path = ../../src/rand.c; sourceTree = "<group>"; };
		D3F880A81B40929800DE82BC /* ramdisk_read.c */ = {isa = PBXFileReference; fileEncoding = 4; lastKnownFileType = sourcecode.c.c; name = ramdisk_read.c; path = ../../src/ramdisk_read.c; sourceTree = "<group>"; };
		D3F880A91B40929800DE82BC /* ptrcheck.c */ = {isa = PBXFileReference; fileEncoding = 4; lastKnownFileType = sourcecode.c.c; name = ptrcheck.c; path = ../../src/ptrcheck.c; sourceTree = "<group>"; };
		D3F880AB1B40929800DE82BC /* point.c */ = {isa = PBXFileReference; fileEncoding = 4; lastKnownFileType = sourcecode.c.c; name = point.c; path = ../../src/point.c; sourceTree = "<group>"; };
		D3F880AC1B40929800DE82BC /* player.c */ = {isa = PBXFileReference; fileEncoding = 4; lastKnownFileType = sourcecode.c.c; name = player.c; path = ../../src/player.c; sourceTree = "<group>"; };
		D3F880AD1B40929800DE82BC /* pixel.c */ = {isa = PBXFileReference; fileEncoding = 4; lastKnownFileType = sourcecode.c.c; name = pixel.c; path = ../../src/pixel.c; sourceTree = "<group>"; };
		D3F880AE1B40929800DE82BC /* pcg_basic.c */ = {isa = PBXFileReference; fileEncoding = 4; lastKnownFileType = sourcecode.c.c; name = pcg_basic.c; path = ../../src/pcg_basic.c; sourceTree = "<group>"; };
		D3F880AF1B40929800DE82BC /* name.c */ = {isa = PBXFileReference; fileEncoding = 4; lastKnownFileType = sourcecode.c.c; name = name.c; path = ../../src/name.c; sourceTree = "<group>"; };
		D3F880B11B40929800DE82BC /* mzip_lib.c */ = {isa = PBXFileReference; fileEncoding = 4; lastKnownFileType = sourcecode.c.c; name = mzip_lib.c; path = ../../src/mzip_lib.c; sourceTree = "<group>"; };
		D3F880B21B40929800DE82BC /* mzip_file.c */ = {isa = PBXFileReference; fileEncoding = 4; lastKnownFileType = sourcecode.c.c; name = mzip_file.c; path = ../../src/mzip_file.c; sourceTree = "<group>"; };
		D3F880B41B40929800DE82BC /* music.c */ = {isa = PBXFileReference; fileEncoding = 4; lastKnownFileType = sourcecode.c.c; name = music.c; path = ../../src/music.c; sourceTree = "<group>"; };
		D3F880B51B40929800DE82BC /* miniz.c */ = {isa = PBXFileReference; fileEncoding = 4; lastKnownFileType = sourcecode.c.c; name = miniz.c; path = ../../src/miniz.c; sourceTree = "<group>"; };
		D3F880B71B40929800DE82BC /* math.c */ = {isa = PBXFileReference; fileEncoding = 4; lastKnownFileType = sourcecode.c.c; name = math.c; path = ../../src/math.c; sourceTree = "<group>"; };
		D3F880B81B40929800DE82BC /* marshal.c */ = {isa = PBXFileReference; fileEncoding = 4; lastKnownFileType = sourcecode.c.c; name = marshal.c; path = ../../src/marshal.c; sourceTree = "<group>"; };
		D3F880BB1B40929800DE82BC /* map.c */ = {isa = PBXFileReference; fileEncoding = 4; lastKnownFileType = sourcecode.c.c; name = map.c; path = ../../src/map.c; sourceTree = "<group>"; };
		D3F880BC1B40929800DE82BC /* map_jigsaw.c */ = {isa = PBXFileReference; fileEncoding = 4; lastKnownFileType = sourcecode.c.c; name = map_jigsaw.c; path = ../../src/map_jigsaw.c; sourceTree = "<group>"; };
		D3F880BE1B40929800DE82BC /* main.c */ = {isa = PBXFileReference; fileEncoding = 4; lastKnownFileType = sourcecode.c.c; name = main.c; path = ../../src/main.c; sourceTree = "<group>"; };
		D3F880BF1B40929800DE82BC /* log.c */ = {isa = PBXFileReference; fileEncoding = 4; lastKnownFileType = sourcecode.c.c; name = log.c; path = ../../src/log.c; sourceTree = "<group>"; };
		D3F880C01B40929800DE82BC /* level.c */ = {isa = PBXFileReference; fileEncoding = 4; lastKnownFileType = sourcecode.c.c; name = level.c; path = ../../src/level.c; sourceTree = "<group>"; };
		D3F880C11B40929800DE82BC /* level_trigger.c */ = {isa = PBXFileReference; fileEncoding = 4; lastKnownFileType = sourcecode.c.c; name = level_trigger.c; path = ../../src/level_trigger.c; sourceTree = "<group>"; };
		D3F880C21B40929800DE82BC /* init_fn.c */ = {isa = PBXFileReference; fileEncoding = 4; lastKnownFileType = sourcecode.c.c; name = init_fn.c; path = ../../src/init_fn.c; sourceTree = "<group>"; };
		D3F880C31B40929800DE82BC /* glshapes.c */ = {isa = PBXFileReference; fileEncoding = 4; lastKnownFileType = sourcecode.c.c; name = glshapes.c; path = ../../src/glshapes.c; sourceTree = "<group>"; };
		D3F880C41B40929800DE82BC /* gl.c */ = {isa = PBXFileReference; fileEncoding = 4; lastKnownFileType = sourcecode.c.c; name = gl.c; path = ../../src/gl.c; sourceTree = "<group>"; };
		D3F880C51B40929800DE82BC /* geo.c */ = {isa = PBXFileReference; fileEncoding = 4; lastKnownFileType = sourcecode.c.c; name = geo.c; path = ../../src/geo.c; sourceTree = "<group>"; };
		D3F880C61B40929800DE82BC /* font.c */ = {isa = PBXFileReference; fileEncoding = 4; lastKnownFileType = sourcecode.c.c; name = font.c; path = ../../src/font.c; sourceTree = "<group>"; };
		D3F880C71B40929800DE82BC /* file.c */ = {isa = PBXFileReference; fileEncoding = 4; lastKnownFileType = sourcecode.c.c; name = file.c; path = ../../src/file.c; sourceTree = "<group>"; };
		D3F880C91B40929800DE82BC /* dir.c */ = {isa = PBXFileReference; fileEncoding = 4; lastKnownFileType = sourcecode.c.c; name = dir.c; path = ../../src/dir.c; sourceTree = "<group>"; };
		D3F880CA1B40929800DE82BC /* demarshal.c */ = {isa = PBXFileReference; fileEncoding = 4; lastKnownFileType = sourcecode.c.c; name = demarshal.c; path = ../../src/demarshal.c; sourceTree = "<group>"; };
		D3F880CB1B40929800DE82BC /* config.c */ = {isa = PBXFileReference; fileEncoding = 4; lastKnownFileType = sourcecode.c.c; name = config.c; path = ../../src/config.c; sourceTree = "<group>"; };
		D3F880CC1B40929800DE82BC /* command.c */ = {isa = PBXFileReference; fileEncoding = 4; lastKnownFileType = sourcecode.c.c; name = command.c; path = ../../src/command.c; sourceTree = "<group>"; };
		D3F880CD1B40929800DE82BC /* color.c */ = {isa = PBXFileReference; fileEncoding = 4; lastKnownFileType = sourcecode.c.c; name = color.c; path = ../../src/color.c; sourceTree = "<group>"; };
		D3F880CE1B40929800DE82BC /* client.c */ = {isa = PBXFileReference; fileEncoding = 4; lastKnownFileType = sourcecode.c.c; name = client.c; path = ../../src/client.c; sourceTree = "<group>"; };
		D3F880CF1B40929800DE82BC /* client_hooks.c */ = {isa = PBXFileReference; fileEncoding = 4; lastKnownFileType = sourcecode.c.c; name = client_hooks.c; path = ../../src/client_hooks.c; sourceTree = "<group>"; };
		D3F880D01B40929800DE82BC /* backtrace.c */ = {isa = PBXFileReference; fileEncoding = 4; lastKnownFileType = sourcecode.c.c; name = backtrace.c; path = ../../src/backtrace.c; sourceTree = "<group>"; };
/* End PBXFileReference section */

/* Begin PBXFrameworksBuildPhase section */
		D33120431A3E83A600F5B758 /* Frameworks */ = {
			isa = PBXFrameworksBuildPhase;
			buildActionMask = 2147483647;
			files = (
				D33120B71A3E8A0A00F5B758 /* SDL2.framework in Frameworks */,
				D33120B61A3E89EC00F5B758 /* SDL2_mixer.framework in Frameworks */,
				D33120B51A3E89D300F5B758 /* SDL2_net.framework in Frameworks */,
			);
			runOnlyForDeploymentPostprocessing = 0;
		};
/* End PBXFrameworksBuildPhase section */

/* Begin PBXGroup section */
		D33120E91A3E8E7A00F5B758 /* goynlichOSX */ = {
			isa = PBXGroup;
			children = (
				D3A1A3F11A3CED77007BF3DA /* SDL2_mixer.framework */,
				D3A1A3F41A3CED9E007BF3DA /* SDL2.framework */,
				D3A1A3F31A3CED9E007BF3DA /* SDL2_net.framework */,
			);
			path = goynlichOSX;
			sourceTree = "<group>";
		};
		D37FAC5F1BC943DC0046094B /* asm */ = {
			isa = PBXGroup;
			children = (
				D37FAC601BC943DC0046094B /* ramdisk_1.S */,
				D37FAC611BC943DC0046094B /* ramdisk_2.S */,
				D37FAC621BC943DC0046094B /* ramdisk_3.S */,
				D37FAC631BC943DC0046094B /* ramdisk_4.S */,
				D37FAC641BC943DC0046094B /* ramdisk_5.S */,
				D37FAC651BC943DC0046094B /* ramdisk_6.S */,
				D37FAC661BC943DC0046094B /* ramdisk_7.S */,
				D37FAC671BC943DC0046094B /* ramdisk_8.S */,
				D37FAC681BC943DC0046094B /* ramdisk_9.S */,
			);
			name = asm;
			path = ../../src/asm;
			sourceTree = "<group>";
		};
		D3A19D351A3CE3CE007BF3DA = {
			isa = PBXGroup;
			children = (
				D37FAC5F1BC943DC0046094B /* asm */,
				D3F880441B40929800DE82BC /* wid.c */,
				D3F880451B40929800DE82BC /* wid_tooltip.c */,
				D3F880461B40929800DE82BC /* wid_textbox.c */,
				D3F880471B40929800DE82BC /* wid_text_input.c */,
				D3F880491B40929800DE82BC /* wid_splash.c */,
				D3F8804A1B40929800DE82BC /* wid_server_join.c */,
				D3F8804B1B40929800DE82BC /* wid_server_edit.c */,
				D3F8804C1B40929800DE82BC /* wid_server_create.c */,
				D3F8804D1B40929800DE82BC /* wid_popup.c */,
				D3F8804E1B40929800DE82BC /* wid_player_stats.c */,
				D3F8804F1B40929800DE82BC /* wid_player_inventory.c */,
				D3F880501B40929800DE82BC /* wid_player_info.c */,
				D3F880511B40929800DE82BC /* wid_player_action.c */,
				D3F880521B40929800DE82BC /* wid_numpad.c */,
				D3F880531B40929800DE82BC /* wid_notify.c */,
				D3F880541B40929800DE82BC /* wid_menu.c */,
				D3F880551B40929800DE82BC /* wid_map.c */,
				D3F880561B40929800DE82BC /* wid_keyboard.c */,
				D3F880571B40929800DE82BC /* wid_intro.c */,
				D3F880581B40929800DE82BC /* wid_intro_settings.c */,
				D3F880591B40929800DE82BC /* wid_intro_demo.c */,
				D3F8805A1B40929800DE82BC /* wid_intro_about.c */,
				D3F8805B1B40929800DE82BC /* wid_hiscore.c */,
				D3F8805C1B40929800DE82BC /* wid_game_quit.c */,
				D3F8805D1B40929800DE82BC /* wid_game_over.c */,
				D3F8805E1B40929800DE82BC /* wid_game_map_server.c */,
				D3F8805F1B40929800DE82BC /* wid_game_map_client.c */,
				D3F880601B40929800DE82BC /* wid_editor.c */,
				D3F880611B40929800DE82BC /* wid_dirlist.c */,
				D3F880621B40929800DE82BC /* wid_dead.c */,
				D3F880631B40929800DE82BC /* wid_console.c */,
				D3F880641B40929800DE82BC /* wid_cmap.c */,
				D37FAC721BC944060046094B /* thing_jesus.c */,
				D3F880651B40929800DE82BC /* wid_choose_stats.c */,
				D3F880661B40929800DE82BC /* wid_choose_pclass.c */,
				D3F880671B40929800DE82BC /* wid_choose_name.c */,
				D3F880681B40929800DE82BC /* wid_choose_game_type.c */,
				D3F880691B40929800DE82BC /* wid_chat.c */,
				D3F8806A1B40929800DE82BC /* wid_button.c */,
				D3F8806B1B40929800DE82BC /* wid_anim.c */,
				D3F8806C1B40929800DE82BC /* vision.c */,
				D3F8806D1B40929800DE82BC /* util.c */,
				D3F8806E1B40929800DE82BC /* ttf.c */,
				D3F8806F1B40929800DE82BC /* tree.c */,
				D3F880711B40929800DE82BC /* token.c */,
				D3F880721B40929800DE82BC /* timer.c */,
				D3F880731B40929800DE82BC /* time.c */,
				D3F880741B40929800DE82BC /* tile.c */,
				D3F880761B40929800DE82BC /* thing.c */,
				D3F880771B40929800DE82BC /* thing_xp.c */,
				D3F880781B40929800DE82BC /* thing_weapon.c */,
				D3F880791B40929800DE82BC /* thing_vision.c */,
				D3F8807A1B40929800DE82BC /* thing_torch.c */,
				D3F8807B1B40929800DE82BC /* thing_timer.c */,
				D3F8807C1B40929800DE82BC /* thing_tile.c */,
				D3F8807D1B40929800DE82BC /* thing_tick.c */,
				D3F8807E1B40929800DE82BC /* thing_template.c */,
				D3F8807F1B40929800DE82BC /* thing_teleport.c */,
				D3F880801B40929800DE82BC /* thing_stats.c */,
				D3F880811B40929800DE82BC /* thing_spending_points.c */,
				D3F880821B40929800DE82BC /* thing_speed.c */,
				D3F880831B40929800DE82BC /* thing_shop.c */,
				D3F880841B40929800DE82BC /* thing_shield.c */,
				D3F880851B40929800DE82BC /* thing_server.c */,
				D3F880861B40929800DE82BC /* thing_random.c */,
				D3F880871B40929800DE82BC /* thing_place.c */,
				D3F880881B40929800DE82BC /* thing_mob_spawn.c */,
				D3F880891B40929800DE82BC /* thing_magic.c */,
				D3F8808A1B40929800DE82BC /* thing_item.c */,
				D3F8808B1B40929800DE82BC /* thing_health.c */,
				D3F8808C1B40929800DE82BC /* thing_fire.c */,
				D3F8808D1B40929800DE82BC /* thing_explosion.c */,
				D3F8808E1B40929800DE82BC /* thing_exit.c */,
				D3F8808F1B40929800DE82BC /* thing_effect.c */,
				D3F880901B40929800DE82BC /* thing_dir.c */,
				D3F880911B40929800DE82BC /* thing_defense.c */,
				D3F880921B40929800DE82BC /* thing_death.c */,
				D3F880931B40929800DE82BC /* thing_damage.c */,
				D3F880941B40929800DE82BC /* thing_collision.c */,
				D3F880951B40929800DE82BC /* thing_client.c */,
				D3F880961B40929800DE82BC /* thing_bomb.c */,
				D3F880971B40929800DE82BC /* thing_blood.c */,
				D3F880981B40929800DE82BC /* thing_anim.c */,
				D3F880991B40929800DE82BC /* thing_ai.c */,
				D3F8809A1B40929800DE82BC /* tex.c */,
				D3F8809B1B40929800DE82BC /* term.c */,
				D3F8809C1B40929800DE82BC /* string.c */,
				D3F8809D1B40929800DE82BC /* string_test.c */,
				D3F8809E1B40929800DE82BC /* string_ext.c */,
				D3F8809F1B40929800DE82BC /* stb_image.c */,
				D3F880A01B40929800DE82BC /* sound.c */,
				D3F880A11B40929800DE82BC /* socket.c */,
				D3F880A21B40929800DE82BC /* slre.c */,
				D3F880A31B40929800DE82BC /* server.c */,
				D3F880A41B40929800DE82BC /* sdl.c */,
				D3F880A51B40929800DE82BC /* resource.c */,
				D3F880A71B40929800DE82BC /* rand.c */,
				D3F880A81B40929800DE82BC /* ramdisk_read.c */,
				D3F880A91B40929800DE82BC /* ptrcheck.c */,
				D3F880AB1B40929800DE82BC /* point.c */,
				D3F880AC1B40929800DE82BC /* player.c */,
				D3F880AD1B40929800DE82BC /* pixel.c */,
				D3F880AE1B40929800DE82BC /* pcg_basic.c */,
				D3F880AF1B40929800DE82BC /* name.c */,
				D3F880B11B40929800DE82BC /* mzip_lib.c */,
				D3F880B21B40929800DE82BC /* mzip_file.c */,
				D3F880B41B40929800DE82BC /* music.c */,
				D3F880B51B40929800DE82BC /* miniz.c */,
				D3F880B71B40929800DE82BC /* math.c */,
				D3F880B81B40929800DE82BC /* marshal.c */,
				D3F880BB1B40929800DE82BC /* map.c */,
				D3F880BC1B40929800DE82BC /* map_jigsaw.c */,
				D3F880BE1B40929800DE82BC /* main.c */,
				D3F880BF1B40929800DE82BC /* log.c */,
				D3F880C01B40929800DE82BC /* level.c */,
				D3F880C11B40929800DE82BC /* level_trigger.c */,
				D3F880C21B40929800DE82BC /* init_fn.c */,
				D3F880C31B40929800DE82BC /* glshapes.c */,
				D3F880C41B40929800DE82BC /* gl.c */,
				D3F880C51B40929800DE82BC /* geo.c */,
				D3F880C61B40929800DE82BC /* font.c */,
				D3F880C71B40929800DE82BC /* file.c */,
				D3F880C91B40929800DE82BC /* dir.c */,
				D3F880CA1B40929800DE82BC /* demarshal.c */,
				D3F880CB1B40929800DE82BC /* config.c */,
				D3F880CC1B40929800DE82BC /* command.c */,
				D3F880CD1B40929800DE82BC /* color.c */,
				D3F880CE1B40929800DE82BC /* client.c */,
				D3F880CF1B40929800DE82BC /* client_hooks.c */,
				D3F880D01B40929800DE82BC /* backtrace.c */,
				D31600291A3FD692004F36CF /* Images.xcassets */,
				D316FFFC1A3FD1C1004F36CF /* gorynlich_24x24.png */,
				D316FFFD1A3FD1C2004F36CF /* gorynlich_29x29.png */,
				D316FFFE1A3FD1C2004F36CF /* gorynlich_32x32.png */,
				D316FFFF1A3FD1C2004F36CF /* gorynlich_48x48.png */,
				D31600001A3FD1C2004F36CF /* gorynlich_50x50.png */,
				D31600011A3FD1C2004F36CF /* gorynlich_57x57.png */,
				D31600021A3FD1C2004F36CF /* gorynlich_58x58.png */,
				D31600031A3FD1C2004F36CF /* gorynlich_72x72.png */,
				D31600041A3FD1C2004F36CF /* gorynlich_96x96.png */,
				D31600051A3FD1C2004F36CF /* gorynlich_114x114.png */,
				D31600061A3FD1C2004F36CF /* gorynlich_128x128.png */,
				D31600071A3FD1C2004F36CF /* gorynlich_256x256.png */,
				D31600081A3FD1C2004F36CF /* gorynlich_512x512.icns */,
				D31600091A3FD1C2004F36CF /* gorynlich_512x512.png */,
				D316FFFB1A3FD1C1004F36CF /* gorynlich_16x16.png */,
				D316000A1A3FD1C2004F36CF /* gorynlich.png */,
				D316000B1A3FD1C2004F36CF /* Icon-72.png */,
				D316000C1A3FD1C2004F36CF /* Icon-Small-50.png */,
				D316000D1A3FD1C2004F36CF /* Icon-Small.png */,
				D316000E1A3FD1C2004F36CF /* Icon-Small@2x.png */,
				D316000F1A3FD1C2004F36CF /* Icon.png */,
				D31600101A3FD1C2004F36CF /* Icon@2x.png */,
				D31600111A3FD1C2004F36CF /* iTunesArtwork */,
				D33120E91A3E8E7A00F5B758 /* goynlichOSX */,
				D3A19D3F1A3CE3CE007BF3DA /* Products */,
			);
			sourceTree = "<group>";
		};
		D3A19D3F1A3CE3CE007BF3DA /* Products */ = {
			isa = PBXGroup;
			children = (
				D33120461A3E83A600F5B758 /* gorynlichOSX.app */,
			);
			name = Products;
			sourceTree = "<group>";
		};
/* End PBXGroup section */

/* Begin PBXNativeTarget section */
		D33120451A3E83A600F5B758 /* gorynlichOSX */ = {
			isa = PBXNativeTarget;
			buildConfigurationList = D33120681A3E83A700F5B758 /* Build configuration list for PBXNativeTarget "gorynlichOSX" */;
			buildPhases = (
				D33120421A3E83A600F5B758 /* Sources */,
				D33120431A3E83A600F5B758 /* Frameworks */,
				D33120441A3E83A600F5B758 /* Resources */,
			);
			buildRules = (
			);
			dependencies = (
			);
			name = gorynlichOSX;
			productName = gorynlichOSX;
			productReference = D33120461A3E83A600F5B758 /* gorynlichOSX.app */;
			productType = "com.apple.product-type.application";
		};
/* End PBXNativeTarget section */

/* Begin PBXProject section */
		D3A19D361A3CE3CE007BF3DA /* Project object */ = {
			isa = PBXProject;
			attributes = {
				LastUpgradeCheck = 0610;
				ORGANIZATIONNAME = "Neil McGill";
				TargetAttributes = {
					D33120451A3E83A600F5B758 = {
						CreatedOnToolsVersion = 6.1.1;
					};
				};
			};
			buildConfigurationList = D3A19D391A3CE3CE007BF3DA /* Build configuration list for PBXProject "gorynlich" */;
			compatibilityVersion = "Xcode 3.2";
			developmentRegion = English;
			hasScannedForEncodings = 0;
			knownRegions = (
				en,
				Base,
			);
			mainGroup = D3A19D351A3CE3CE007BF3DA;
			productRefGroup = D3A19D3F1A3CE3CE007BF3DA /* Products */;
			projectDirPath = "";
			projectRoot = "";
			targets = (
				D33120451A3E83A600F5B758 /* gorynlichOSX */,
			);
		};
/* End PBXProject section */

/* Begin PBXResourcesBuildPhase section */
		D33120441A3E83A600F5B758 /* Resources */ = {
			isa = PBXResourcesBuildPhase;
			buildActionMask = 2147483647;
			files = (
				D31600131A3FD1C2004F36CF /* gorynlich_24x24.png in Resources */,
				D316001F1A3FD1C2004F36CF /* gorynlich_512x512.icns in Resources */,
				D316001C1A3FD1C2004F36CF /* gorynlich_114x114.png in Resources */,
				D31600231A3FD1C2004F36CF /* Icon-Small-50.png in Resources */,
				D31600121A3FD1C2004F36CF /* gorynlich_16x16.png in Resources */,
				D31600271A3FD1C2004F36CF /* Icon@2x.png in Resources */,
				D31600171A3FD1C2004F36CF /* gorynlich_50x50.png in Resources */,
				D316001D1A3FD1C2004F36CF /* gorynlich_128x128.png in Resources */,
				D316001A1A3FD1C2004F36CF /* gorynlich_72x72.png in Resources */,
				D316002A1A3FD692004F36CF /* Images.xcassets in Resources */,
				D316001E1A3FD1C2004F36CF /* gorynlich_256x256.png in Resources */,
				D31600161A3FD1C2004F36CF /* gorynlich_48x48.png in Resources */,
				D31600241A3FD1C2004F36CF /* Icon-Small.png in Resources */,
				D31600201A3FD1C2004F36CF /* gorynlich_512x512.png in Resources */,
				D31600261A3FD1C2004F36CF /* Icon.png in Resources */,
				D31600151A3FD1C2004F36CF /* gorynlich_32x32.png in Resources */,
				D31600251A3FD1C2004F36CF /* Icon-Small@2x.png in Resources */,
				D316001B1A3FD1C2004F36CF /* gorynlich_96x96.png in Resources */,
				D31600181A3FD1C2004F36CF /* gorynlich_57x57.png in Resources */,
				D31600191A3FD1C2004F36CF /* gorynlich_58x58.png in Resources */,
				D31600221A3FD1C2004F36CF /* Icon-72.png in Resources */,
				D31600281A3FD1C2004F36CF /* iTunesArtwork in Resources */,
				D31600141A3FD1C2004F36CF /* gorynlich_29x29.png in Resources */,
				D31600211A3FD1C2004F36CF /* gorynlich.png in Resources */,
			);
			runOnlyForDeploymentPostprocessing = 0;
		};
/* End PBXResourcesBuildPhase section */

/* Begin PBXSourcesBuildPhase section */
		D33120421A3E83A600F5B758 /* Sources */ = {
			isa = PBXSourcesBuildPhase;
			buildActionMask = 2147483647;
			files = (
				D3F880D41B40929800DE82BC /* wid_text_input.c in Sources */,
				D37FAC6A1BC943DC0046094B /* ramdisk_2.S in Sources */,
				D3F880F51B40929800DE82BC /* wid_choose_game_type.c in Sources */,
				D3F8813A1B40929800DE82BC /* pixel.c in Sources */,
				D3F8811C1B40929800DE82BC /* thing_effect.c in Sources */,
				D3F880E31B40929800DE82BC /* wid_keyboard.c in Sources */,
				D3F8811D1B40929800DE82BC /* thing_dir.c in Sources */,
				D3F881041B40929800DE82BC /* thing_xp.c in Sources */,
				D3F880F81B40929800DE82BC /* wid_anim.c in Sources */,
				D3F8813C1B40929800DE82BC /* name.c in Sources */,
				D3F881051B40929800DE82BC /* thing_weapon.c in Sources */,
				D3F880E61B40929800DE82BC /* wid_intro_demo.c in Sources */,
				D37FAC691BC943DC0046094B /* ramdisk_1.S in Sources */,
				D3F881421B40929800DE82BC /* miniz.c in Sources */,
				D3F881351B40929800DE82BC /* ramdisk_read.c in Sources */,
				D3F8814B1B40929800DE82BC /* main.c in Sources */,
				D3F880E71B40929800DE82BC /* wid_intro_about.c in Sources */,
				D3F880FE1B40929800DE82BC /* token.c in Sources */,
				D3F881541B40929800DE82BC /* file.c in Sources */,
				D3F881501B40929800DE82BC /* glshapes.c in Sources */,
				D3F8812C1B40929800DE82BC /* stb_image.c in Sources */,
				D3F8812D1B40929800DE82BC /* sound.c in Sources */,
				D3F8810F1B40929800DE82BC /* thing_speed.c in Sources */,
				D3F881141B40929800DE82BC /* thing_place.c in Sources */,
				D3F881191B40929800DE82BC /* thing_fire.c in Sources */,
				D37FAC701BC943DC0046094B /* ramdisk_8.S in Sources */,
				D3F881241B40929800DE82BC /* thing_blood.c in Sources */,
				D3F881201B40929800DE82BC /* thing_damage.c in Sources */,
				D3F8810E1B40929800DE82BC /* thing_spending_points.c in Sources */,
				D3F880EA1B40929800DE82BC /* wid_game_over.c in Sources */,
				D3F8815D1B40929800DE82BC /* backtrace.c in Sources */,
				D3F880D81B40929800DE82BC /* wid_server_edit.c in Sources */,
				D3F881091B40929800DE82BC /* thing_tile.c in Sources */,
				D3F880F71B40929800DE82BC /* wid_button.c in Sources */,
				D3F880E11B40929800DE82BC /* wid_menu.c in Sources */,
				D3F881131B40929800DE82BC /* thing_random.c in Sources */,
				D3F8812B1B40929800DE82BC /* string_ext.c in Sources */,
				D3F881281B40929800DE82BC /* term.c in Sources */,
				D37FAC6F1BC943DC0046094B /* ramdisk_7.S in Sources */,
				D3F8813B1B40929800DE82BC /* pcg_basic.c in Sources */,
				D3F881111B40929800DE82BC /* thing_shield.c in Sources */,
				D3F880FF1B40929800DE82BC /* timer.c in Sources */,
				D3F8814E1B40929800DE82BC /* level_trigger.c in Sources */,
				D3F881441B40929800DE82BC /* math.c in Sources */,
				D3F8810B1B40929800DE82BC /* thing_template.c in Sources */,
				D3F880E81B40929800DE82BC /* wid_hiscore.c in Sources */,
				D3F881581B40929800DE82BC /* config.c in Sources */,
				D3F880D91B40929800DE82BC /* wid_server_create.c in Sources */,
				D3F880DF1B40929800DE82BC /* wid_numpad.c in Sources */,
				D3F880DD1B40929800DE82BC /* wid_player_info.c in Sources */,
				D3F881321B40929800DE82BC /* resource.c in Sources */,
				D3F8812E1B40929800DE82BC /* socket.c in Sources */,
				D3F881291B40929800DE82BC /* string.c in Sources */,
				D3F881231B40929800DE82BC /* thing_bomb.c in Sources */,
				D3F880E41B40929800DE82BC /* wid_intro.c in Sources */,
				D3F8810A1B40929800DE82BC /* thing_tick.c in Sources */,
				D3F881081B40929800DE82BC /* thing_timer.c in Sources */,
				D37FAC711BC943DC0046094B /* ramdisk_9.S in Sources */,
				D3F8811B1B40929800DE82BC /* thing_exit.c in Sources */,
				D3F8813E1B40929800DE82BC /* mzip_lib.c in Sources */,
				D3F881151B40929800DE82BC /* thing_mob_spawn.c in Sources */,
				D3F881591B40929800DE82BC /* command.c in Sources */,
				D3F880E91B40929800DE82BC /* wid_game_quit.c in Sources */,
				D3F880DA1B40929800DE82BC /* wid_popup.c in Sources */,
				D3F8810D1B40929800DE82BC /* thing_stats.c in Sources */,
				D3F881481B40929800DE82BC /* map.c in Sources */,
				D3F8811E1B40929800DE82BC /* thing_defense.c in Sources */,
				D3F880F41B40929800DE82BC /* wid_choose_name.c in Sources */,
				D3F8810C1B40929800DE82BC /* thing_teleport.c in Sources */,
				D3F881251B40929800DE82BC /* thing_anim.c in Sources */,
				D3F880DC1B40929800DE82BC /* wid_player_inventory.c in Sources */,
				D3F880D61B40929800DE82BC /* wid_splash.c in Sources */,
				D37FAC6B1BC943DC0046094B /* ramdisk_3.S in Sources */,
				D3F881381B40929800DE82BC /* point.c in Sources */,
				D3F880EE1B40929800DE82BC /* wid_dirlist.c in Sources */,
				D3F880EF1B40929800DE82BC /* wid_dead.c in Sources */,
				D3F880FB1B40929800DE82BC /* ttf.c in Sources */,
				D3F880EB1B40929800DE82BC /* wid_game_map_server.c in Sources */,
				D3F8812A1B40929800DE82BC /* string_test.c in Sources */,
				D3F881361B40929800DE82BC /* ptrcheck.c in Sources */,
				D3F8814D1B40929800DE82BC /* level.c in Sources */,
				D3F881341B40929800DE82BC /* rand.c in Sources */,
				D3F881511B40929800DE82BC /* gl.c in Sources */,
				D3F881311B40929800DE82BC /* sdl.c in Sources */,
				D3F881121B40929800DE82BC /* thing_server.c in Sources */,
				D3F8811A1B40929800DE82BC /* thing_explosion.c in Sources */,
				D3F881561B40929800DE82BC /* dir.c in Sources */,
				D3F881071B40929800DE82BC /* thing_torch.c in Sources */,
				D3F880FA1B40929800DE82BC /* util.c in Sources */,
				D3F880F91B40929800DE82BC /* vision.c in Sources */,
				D3F880D21B40929800DE82BC /* wid_tooltip.c in Sources */,
				D3F881301B40929800DE82BC /* server.c in Sources */,
				D3F881031B40929800DE82BC /* thing.c in Sources */,
				D3F881491B40929800DE82BC /* map_jigsaw.c in Sources */,
				D3F8813F1B40929800DE82BC /* mzip_file.c in Sources */,
				D3F881221B40929800DE82BC /* thing_client.c in Sources */,
				D3F8814F1B40929800DE82BC /* init_fn.c in Sources */,
				D3F880F01B40929800DE82BC /* wid_console.c in Sources */,
				D3F8815C1B40929800DE82BC /* client_hooks.c in Sources */,
				D37FAC6E1BC943DC0046094B /* ramdisk_6.S in Sources */,
				D3F881211B40929800DE82BC /* thing_collision.c in Sources */,
				D3F880E01B40929800DE82BC /* wid_notify.c in Sources */,
				D3F880D31B40929800DE82BC /* wid_textbox.c in Sources */,
				D3F880F11B40929800DE82BC /* wid_cmap.c in Sources */,
				D3F880FC1B40929800DE82BC /* tree.c in Sources */,
				D3F880E51B40929800DE82BC /* wid_intro_settings.c in Sources */,
				D3F881261B40929800DE82BC /* thing_ai.c in Sources */,
				D37FAC6C1BC943DC0046094B /* ramdisk_4.S in Sources */,
				D3F880DE1B40929800DE82BC /* wid_player_action.c in Sources */,
				D3F881531B40929800DE82BC /* font.c in Sources */,
				D3F881061B40929800DE82BC /* thing_vision.c in Sources */,
				D3F881011B40929800DE82BC /* tile.c in Sources */,
				D3F880ED1B40929800DE82BC /* wid_editor.c in Sources */,
				D37FAC6D1BC943DC0046094B /* ramdisk_5.S in Sources */,
				D3F881001B40929800DE82BC /* time.c in Sources */,
				D3F880EC1B40929800DE82BC /* wid_game_map_client.c in Sources */,
				D3F8815B1B40929800DE82BC /* client.c in Sources */,
				D3F881451B40929800DE82BC /* marshal.c in Sources */,
				D3F880F61B40929800DE82BC /* wid_chat.c in Sources */,
				D3F881101B40929800DE82BC /* thing_shop.c in Sources */,
				D3F880E21B40929800DE82BC /* wid_map.c in Sources */,
				D37FAC731BC944060046094B /* thing_jesus.c in Sources */,
				D3F880DB1B40929800DE82BC /* wid_player_stats.c in Sources */,
				D3F8815A1B40929800DE82BC /* color.c in Sources */,
				D3F8812F1B40929800DE82BC /* slre.c in Sources */,
				D3F881171B40929800DE82BC /* thing_item.c in Sources */,
				D3F881391B40929800DE82BC /* player.c in Sources */,
				D3F8811F1B40929800DE82BC /* thing_death.c in Sources */,
				D3F881271B40929800DE82BC /* tex.c in Sources */,
				D3F881411B40929800DE82BC /* music.c in Sources */,
				D3F880F21B40929800DE82BC /* wid_choose_stats.c in Sources */,
				D3F880F31B40929800DE82BC /* wid_choose_pclass.c in Sources */,
				D3F880D71B40929800DE82BC /* wid_server_join.c in Sources */,
				D3F881181B40929800DE82BC /* thing_health.c in Sources */,
				D3F881571B40929800DE82BC /* demarshal.c in Sources */,
				D3F8814C1B40929800DE82BC /* log.c in Sources */,
				D3F880D11B40929800DE82BC /* wid.c in Sources */,
				D3F881521B40929800DE82BC /* geo.c in Sources */,
				D3F881161B40929800DE82BC /* thing_magic.c in Sources */,
			);
			runOnlyForDeploymentPostprocessing = 0;
		};
/* End PBXSourcesBuildPhase section */

/* Begin XCBuildConfiguration section */
		D33120691A3E83A700F5B758 /* Debug */ = {
			isa = XCBuildConfiguration;
			buildSettings = {
				ASSETCATALOG_COMPILER_APPICON_NAME = AppIcon;
				CODE_SIGN_IDENTITY = "";
				COMBINE_HIDPI_IMAGES = YES;
				DEBUG_INFORMATION_FORMAT = "dwarf-with-dsym";
				FRAMEWORK_SEARCH_PATHS = (
					"$(inherited)",
					"$(DEVELOPER_DIR)/SDKs/MacOSX10.6.sdk/System/Library/Frameworks",
					"$(DEVELOPER_DIR)/Platforms/iPhoneSimulator.platform/Developer/SDKs/iPhoneSimulator5.0.sdk/System/Library/Frameworks",
					"$(LOCAL_LIBRARY_DIR)/Frameworks",
				);
				GCC_PREPROCESSOR_DEFINITIONS = (
					"DEBUG=1",
					"$(inherited)",
				);
				INFOPLIST_FILE = gorynlichOSX/Info.plist;
				LD_RUNPATH_SEARCH_PATHS = "";
				MACOSX_DEPLOYMENT_TARGET = 10.9;
				ONLY_ACTIVE_ARCH = YES;
				PRODUCT_NAME = "$(TARGET_NAME)";
				SCAN_ALL_SOURCE_FILES_FOR_INCLUDES = YES;
			};
			name = Debug;
		};
		D331206A1A3E83A700F5B758 /* Release */ = {
			isa = XCBuildConfiguration;
			buildSettings = {
				ASSETCATALOG_COMPILER_APPICON_NAME = AppIcon;
				CODE_SIGN_IDENTITY = "";
				COMBINE_HIDPI_IMAGES = YES;
				DEBUG_INFORMATION_FORMAT = "dwarf-with-dsym";
				FRAMEWORK_SEARCH_PATHS = (
					"$(inherited)",
					"$(DEVELOPER_DIR)/SDKs/MacOSX10.6.sdk/System/Library/Frameworks",
					"$(DEVELOPER_DIR)/Platforms/iPhoneSimulator.platform/Developer/SDKs/iPhoneSimulator5.0.sdk/System/Library/Frameworks",
					"$(LOCAL_LIBRARY_DIR)/Frameworks",
				);
				INFOPLIST_FILE = gorynlichOSX/Info.plist;
				LD_RUNPATH_SEARCH_PATHS = "";
				MACOSX_DEPLOYMENT_TARGET = 10.9;
				ONLY_ACTIVE_ARCH = YES;
				PRODUCT_NAME = "$(TARGET_NAME)";
				SCAN_ALL_SOURCE_FILES_FOR_INCLUDES = YES;
			};
			name = Release;
		};
		D3A19D431A3CE3CE007BF3DA /* Debug */ = {
			isa = XCBuildConfiguration;
			buildSettings = {
				ALWAYS_SEARCH_USER_PATHS = NO;
				CLANG_CXX_LANGUAGE_STANDARD = "gnu++0x";
				CLANG_CXX_LIBRARY = "libc++";
				CLANG_ENABLE_MODULES = YES;
				CLANG_ENABLE_OBJC_ARC = YES;
				CLANG_WARN_BOOL_CONVERSION = YES;
				CLANG_WARN_CONSTANT_CONVERSION = YES;
				CLANG_WARN_DIRECT_OBJC_ISA_USAGE = YES_ERROR;
				CLANG_WARN_EMPTY_BODY = YES;
				CLANG_WARN_ENUM_CONVERSION = YES;
				CLANG_WARN_INT_CONVERSION = YES;
				CLANG_WARN_OBJC_ROOT_CLASS = YES_ERROR;
				CLANG_WARN_UNREACHABLE_CODE = YES;
				CLANG_WARN__DUPLICATE_METHOD_MATCH = YES;
				COPY_PHASE_STRIP = NO;
				ENABLE_STRICT_OBJC_MSGSEND = YES;
				GCC_C_LANGUAGE_STANDARD = gnu99;
				GCC_DYNAMIC_NO_PIC = NO;
				GCC_OPTIMIZATION_LEVEL = 0;
				GCC_PREPROCESSOR_DEFINITIONS = (
					"DEBUG=1",
					"$(inherited)",
				);
				GCC_SYMBOLS_PRIVATE_EXTERN = NO;
				GCC_WARN_64_TO_32_BIT_CONVERSION = YES;
				GCC_WARN_ABOUT_RETURN_TYPE = YES_ERROR;
				GCC_WARN_UNDECLARED_SELECTOR = YES;
				GCC_WARN_UNINITIALIZED_AUTOS = YES_AGGRESSIVE;
				GCC_WARN_UNUSED_FUNCTION = YES;
				GCC_WARN_UNUSED_VARIABLE = YES;
				HEADER_SEARCH_PATHS = (
					"$(inherited)",
					/Applications/Xcode.app/Contents/Developer/Toolchains/XcodeDefault.xctoolchain/usr/include,
					/Library/Frameworks/SDL2.framework/Headers,
					/Library/Frameworks/SDL2_net.framework/Headers,
					/Library/Frameworks/SDL2_mixer.framework/Headers,
				);
				MACOSX_DEPLOYMENT_TARGET = 10.9;
				MTL_ENABLE_DEBUG_INFO = YES;
				ONLY_ACTIVE_ARCH = YES;
				SDKROOT = macosx;
			};
			name = Debug;
		};
		D3A19D441A3CE3CE007BF3DA /* Release */ = {
			isa = XCBuildConfiguration;
			buildSettings = {
				ALWAYS_SEARCH_USER_PATHS = NO;
				CLANG_CXX_LANGUAGE_STANDARD = "gnu++0x";
				CLANG_CXX_LIBRARY = "libc++";
				CLANG_ENABLE_MODULES = YES;
				CLANG_ENABLE_OBJC_ARC = YES;
				CLANG_WARN_BOOL_CONVERSION = YES;
				CLANG_WARN_CONSTANT_CONVERSION = YES;
				CLANG_WARN_DIRECT_OBJC_ISA_USAGE = YES_ERROR;
				CLANG_WARN_EMPTY_BODY = YES;
				CLANG_WARN_ENUM_CONVERSION = YES;
				CLANG_WARN_INT_CONVERSION = YES;
				CLANG_WARN_OBJC_ROOT_CLASS = YES_ERROR;
				CLANG_WARN_UNREACHABLE_CODE = YES;
				CLANG_WARN__DUPLICATE_METHOD_MATCH = YES;
				COPY_PHASE_STRIP = YES;
				DEBUG_INFORMATION_FORMAT = "dwarf-with-dsym";
				ENABLE_NS_ASSERTIONS = NO;
				ENABLE_STRICT_OBJC_MSGSEND = YES;
				GCC_C_LANGUAGE_STANDARD = gnu99;
				GCC_WARN_64_TO_32_BIT_CONVERSION = YES;
				GCC_WARN_ABOUT_RETURN_TYPE = YES_ERROR;
				GCC_WARN_UNDECLARED_SELECTOR = YES;
				GCC_WARN_UNINITIALIZED_AUTOS = YES_AGGRESSIVE;
				GCC_WARN_UNUSED_FUNCTION = YES;
				GCC_WARN_UNUSED_VARIABLE = YES;
				HEADER_SEARCH_PATHS = (
					"$(inherited)",
					/Applications/Xcode.app/Contents/Developer/Toolchains/XcodeDefault.xctoolchain/usr/include,
					/Library/Frameworks/SDL2.framework/Headers,
					/Library/Frameworks/SDL2_net.framework/Headers,
					/Library/Frameworks/SDL2_mixer.framework/Headers,
				);
				MACOSX_DEPLOYMENT_TARGET = 10.9;
				MTL_ENABLE_DEBUG_INFO = NO;
				SDKROOT = macosx;
			};
			name = Release;
		};
/* End XCBuildConfiguration section */

/* Begin XCConfigurationList section */
		D33120681A3E83A700F5B758 /* Build configuration list for PBXNativeTarget "gorynlichOSX" */ = {
			isa = XCConfigurationList;
			buildConfigurations = (
				D33120691A3E83A700F5B758 /* Debug */,
				D331206A1A3E83A700F5B758 /* Release */,
			);
			defaultConfigurationIsVisible = 0;
			defaultConfigurationName = Release;
		};
		D3A19D391A3CE3CE007BF3DA /* Build configuration list for PBXProject "gorynlich" */ = {
			isa = XCConfigurationList;
			buildConfigurations = (
				D3A19D431A3CE3CE007BF3DA /* Debug */,
				D3A19D441A3CE3CE007BF3DA /* Release */,
			);
			defaultConfigurationIsVisible = 0;
			defaultConfigurationName = Release;
		};
/* End XCConfigurationList section */
	};
	rootObject = D3A19D361A3CE3CE007BF3DA /* Project object */;
}
