// !$*UTF8*$!
{
	archiveVersion = 1;
	classes = {
	};
	objectVersion = 46;
	objects = {

/* Begin PBXBuildFile section */
		D31600121A3FD1C2004F36CF /* gorynlich_16x16.png in Resources */ = {isa = PBXBuildFile; fileRef = D316FFFB1A3FD1C1004F36CF /* gorynlich_16x16.png */; };
		D31600131A3FD1C2004F36CF /* gorynlich_24x24.png in Resources */ = {isa = PBXBuildFile; fileRef = D316FFFC1A3FD1C1004F36CF /* gorynlich_24x24.png */; };
		D31600141A3FD1C2004F36CF /* gorynlich_29x29.png in Resources */ = {isa = PBXBuildFile; fileRef = D316FFFD1A3FD1C2004F36CF /* gorynlich_29x29.png */; };
		D31600151A3FD1C2004F36CF /* gorynlich_32x32.png in Resources */ = {isa = PBXBuildFile; fileRef = D316FFFE1A3FD1C2004F36CF /* gorynlich_32x32.png */; };
		D31600161A3FD1C2004F36CF /* gorynlich_48x48.png in Resources */ = {isa = PBXBuildFile; fileRef = D316FFFF1A3FD1C2004F36CF /* gorynlich_48x48.png */; };
		D31600171A3FD1C2004F36CF /* gorynlich_50x50.png in Resources */ = {isa = PBXBuildFile; fileRef = D31600001A3FD1C2004F36CF /* gorynlich_50x50.png */; };
		D31600181A3FD1C2004F36CF /* gorynlich_57x57.png in Resources */ = {isa = PBXBuildFile; fileRef = D31600011A3FD1C2004F36CF /* gorynlich_57x57.png */; };
		D31600191A3FD1C2004F36CF /* gorynlich_58x58.png in Resources */ = {isa = PBXBuildFile; fileRef = D31600021A3FD1C2004F36CF /* gorynlich_58x58.png */; };
		D316001A1A3FD1C2004F36CF /* gorynlich_72x72.png in Resources */ = {isa = PBXBuildFile; fileRef = D31600031A3FD1C2004F36CF /* gorynlich_72x72.png */; };
		D316001B1A3FD1C2004F36CF /* gorynlich_96x96.png in Resources */ = {isa = PBXBuildFile; fileRef = D31600041A3FD1C2004F36CF /* gorynlich_96x96.png */; };
		D316001C1A3FD1C2004F36CF /* gorynlich_114x114.png in Resources */ = {isa = PBXBuildFile; fileRef = D31600051A3FD1C2004F36CF /* gorynlich_114x114.png */; };
		D316001D1A3FD1C2004F36CF /* gorynlich_128x128.png in Resources */ = {isa = PBXBuildFile; fileRef = D31600061A3FD1C2004F36CF /* gorynlich_128x128.png */; };
		D316001E1A3FD1C2004F36CF /* gorynlich_256x256.png in Resources */ = {isa = PBXBuildFile; fileRef = D31600071A3FD1C2004F36CF /* gorynlich_256x256.png */; };
		D316001F1A3FD1C2004F36CF /* gorynlich_512x512.icns in Resources */ = {isa = PBXBuildFile; fileRef = D31600081A3FD1C2004F36CF /* gorynlich_512x512.icns */; };
		D31600201A3FD1C2004F36CF /* gorynlich_512x512.png in Resources */ = {isa = PBXBuildFile; fileRef = D31600091A3FD1C2004F36CF /* gorynlich_512x512.png */; };
		D31600211A3FD1C2004F36CF /* gorynlich.png in Resources */ = {isa = PBXBuildFile; fileRef = D316000A1A3FD1C2004F36CF /* gorynlich.png */; };
		D31600221A3FD1C2004F36CF /* Icon-72.png in Resources */ = {isa = PBXBuildFile; fileRef = D316000B1A3FD1C2004F36CF /* Icon-72.png */; };
		D31600231A3FD1C2004F36CF /* Icon-Small-50.png in Resources */ = {isa = PBXBuildFile; fileRef = D316000C1A3FD1C2004F36CF /* Icon-Small-50.png */; };
		D31600241A3FD1C2004F36CF /* Icon-Small.png in Resources */ = {isa = PBXBuildFile; fileRef = D316000D1A3FD1C2004F36CF /* Icon-Small.png */; };
		D31600251A3FD1C2004F36CF /* Icon-Small@2x.png in Resources */ = {isa = PBXBuildFile; fileRef = D316000E1A3FD1C2004F36CF /* Icon-Small@2x.png */; };
		D31600261A3FD1C2004F36CF /* Icon.png in Resources */ = {isa = PBXBuildFile; fileRef = D316000F1A3FD1C2004F36CF /* Icon.png */; };
		D31600271A3FD1C2004F36CF /* Icon@2x.png in Resources */ = {isa = PBXBuildFile; fileRef = D31600101A3FD1C2004F36CF /* Icon@2x.png */; };
		D31600281A3FD1C2004F36CF /* iTunesArtwork in Resources */ = {isa = PBXBuildFile; fileRef = D31600111A3FD1C2004F36CF /* iTunesArtwork */; };
		D316002A1A3FD692004F36CF /* Images.xcassets in Resources */ = {isa = PBXBuildFile; fileRef = D31600291A3FD692004F36CF /* Images.xcassets */; };
		D33120B51A3E89D300F5B758 /* SDL2_net.framework in Frameworks */ = {isa = PBXBuildFile; fileRef = D3A1A3F31A3CED9E007BF3DA /* SDL2_net.framework */; };
		D33120B61A3E89EC00F5B758 /* SDL2_mixer.framework in Frameworks */ = {isa = PBXBuildFile; fileRef = D3A1A3F11A3CED77007BF3DA /* SDL2_mixer.framework */; };
		D33120B71A3E8A0A00F5B758 /* SDL2.framework in Frameworks */ = {isa = PBXBuildFile; fileRef = D3A1A3F41A3CED9E007BF3DA /* SDL2.framework */; };
/* End PBXBuildFile section */

/* Begin PBXFileReference section */
		D31600001A3FD1C2004F36CF /* gorynlich_50x50.png */ = {isa = PBXFileReference; lastKnownFileType = image.png; name = gorynlich_50x50.png; path = ../../data/Resources/gorynlich_50x50.png; sourceTree = "<group>"; };
		D31600011A3FD1C2004F36CF /* gorynlich_57x57.png */ = {isa = PBXFileReference; lastKnownFileType = image.png; name = gorynlich_57x57.png; path = ../../data/Resources/gorynlich_57x57.png; sourceTree = "<group>"; };
		D31600021A3FD1C2004F36CF /* gorynlich_58x58.png */ = {isa = PBXFileReference; lastKnownFileType = image.png; name = gorynlich_58x58.png; path = ../../data/Resources/gorynlich_58x58.png; sourceTree = "<group>"; };
		D31600031A3FD1C2004F36CF /* gorynlich_72x72.png */ = {isa = PBXFileReference; lastKnownFileType = image.png; name = gorynlich_72x72.png; path = ../../data/Resources/gorynlich_72x72.png; sourceTree = "<group>"; };
		D31600041A3FD1C2004F36CF /* gorynlich_96x96.png */ = {isa = PBXFileReference; lastKnownFileType = image.png; name = gorynlich_96x96.png; path = ../../data/Resources/gorynlich_96x96.png; sourceTree = "<group>"; };
		D31600051A3FD1C2004F36CF /* gorynlich_114x114.png */ = {isa = PBXFileReference; lastKnownFileType = image.png; name = gorynlich_114x114.png; path = ../../data/Resources/gorynlich_114x114.png; sourceTree = "<group>"; };
		D31600061A3FD1C2004F36CF /* gorynlich_128x128.png */ = {isa = PBXFileReference; lastKnownFileType = image.png; name = gorynlich_128x128.png; path = ../../data/Resources/gorynlich_128x128.png; sourceTree = "<group>"; };
		D31600071A3FD1C2004F36CF /* gorynlich_256x256.png */ = {isa = PBXFileReference; lastKnownFileType = image.png; name = gorynlich_256x256.png; path = ../../data/Resources/gorynlich_256x256.png; sourceTree = "<group>"; };
		D31600081A3FD1C2004F36CF /* gorynlich_512x512.icns */ = {isa = PBXFileReference; lastKnownFileType = image.icns; name = gorynlich_512x512.icns; path = ../../data/Resources/gorynlich_512x512.icns; sourceTree = "<group>"; };
		D31600091A3FD1C2004F36CF /* gorynlich_512x512.png */ = {isa = PBXFileReference; lastKnownFileType = image.png; name = gorynlich_512x512.png; path = ../../data/Resources/gorynlich_512x512.png; sourceTree = "<group>"; };
		D316000A1A3FD1C2004F36CF /* gorynlich.png */ = {isa = PBXFileReference; lastKnownFileType = image.png; name = gorynlich.png; path = ../../data/Resources/gorynlich.png; sourceTree = "<group>"; };
		D316000B1A3FD1C2004F36CF /* Icon-72.png */ = {isa = PBXFileReference; lastKnownFileType = image.png; name = "Icon-72.png"; path = "../../data/Resources/Icon-72.png"; sourceTree = "<group>"; };
		D316000C1A3FD1C2004F36CF /* Icon-Small-50.png */ = {isa = PBXFileReference; lastKnownFileType = image.png; name = "Icon-Small-50.png"; path = "../../data/Resources/Icon-Small-50.png"; sourceTree = "<group>"; };
		D316000D1A3FD1C2004F36CF /* Icon-Small.png */ = {isa = PBXFileReference; lastKnownFileType = image.png; name = "Icon-Small.png"; path = "../../data/Resources/Icon-Small.png"; sourceTree = "<group>"; };
		D316000E1A3FD1C2004F36CF /* Icon-Small@2x.png */ = {isa = PBXFileReference; lastKnownFileType = image.png; name = "Icon-Small@2x.png"; path = "../../data/Resources/Icon-Small@2x.png"; sourceTree = "<group>"; };
		D316000F1A3FD1C2004F36CF /* Icon.png */ = {isa = PBXFileReference; lastKnownFileType = image.png; name = Icon.png; path = ../../data/Resources/Icon.png; sourceTree = "<group>"; };
		D31600101A3FD1C2004F36CF /* Icon@2x.png */ = {isa = PBXFileReference; lastKnownFileType = image.png; name = "Icon@2x.png"; path = "../../data/Resources/Icon@2x.png"; sourceTree = "<group>"; };
		D31600111A3FD1C2004F36CF /* iTunesArtwork */ = {isa = PBXFileReference; lastKnownFileType = file; name = iTunesArtwork; path = ../../data/Resources/iTunesArtwork; sourceTree = "<group>"; };
		D31600291A3FD692004F36CF /* Images.xcassets */ = {isa = PBXFileReference; lastKnownFileType = folder.assetcatalog; name = Images.xcassets; path = gorynlichOSX/Images.xcassets; sourceTree = "<group>"; };
		D316FFFB1A3FD1C1004F36CF /* gorynlich_16x16.png */ = {isa = PBXFileReference; lastKnownFileType = image.png; name = gorynlich_16x16.png; path = ../../data/Resources/gorynlich_16x16.png; sourceTree = "<group>"; };
		D316FFFC1A3FD1C1004F36CF /* gorynlich_24x24.png */ = {isa = PBXFileReference; lastKnownFileType = image.png; name = gorynlich_24x24.png; path = ../../data/Resources/gorynlich_24x24.png; sourceTree = "<group>"; };
		D316FFFD1A3FD1C2004F36CF /* gorynlich_29x29.png */ = {isa = PBXFileReference; lastKnownFileType = image.png; name = gorynlich_29x29.png; path = ../../data/Resources/gorynlich_29x29.png; sourceTree = "<group>"; };
		D316FFFE1A3FD1C2004F36CF /* gorynlich_32x32.png */ = {isa = PBXFileReference; lastKnownFileType = image.png; name = gorynlich_32x32.png; path = ../../data/Resources/gorynlich_32x32.png; sourceTree = "<group>"; };
		D316FFFF1A3FD1C2004F36CF /* gorynlich_48x48.png */ = {isa = PBXFileReference; lastKnownFileType = image.png; name = gorynlich_48x48.png; path = ../../data/Resources/gorynlich_48x48.png; sourceTree = "<group>"; };
		D33120461A3E83A600F5B758 /* gorynlichOSX.app */ = {isa = PBXFileReference; explicitFileType = wrapper.application; includeInIndex = 0; path = gorynlichOSX.app; sourceTree = BUILT_PRODUCTS_DIR; };
		D3A1A3F11A3CED77007BF3DA /* SDL2_mixer.framework */ = {isa = PBXFileReference; lastKnownFileType = wrapper.framework; name = SDL2_mixer.framework; path = /Library/Frameworks/SDL2_mixer.framework; sourceTree = "<absolute>"; };
		D3A1A3F31A3CED9E007BF3DA /* SDL2_net.framework */ = {isa = PBXFileReference; lastKnownFileType = wrapper.framework; name = SDL2_net.framework; path = /Library/Frameworks/SDL2_net.framework; sourceTree = "<absolute>"; };
		D3A1A3F41A3CED9E007BF3DA /* SDL2.framework */ = {isa = PBXFileReference; lastKnownFileType = wrapper.framework; name = SDL2.framework; path = /Library/Frameworks/SDL2.framework; sourceTree = "<absolute>"; };
/* End PBXFileReference section */

/* Begin PBXFrameworksBuildPhase section */
		D33120431A3E83A600F5B758 /* Frameworks */ = {
			isa = PBXFrameworksBuildPhase;
			buildActionMask = 2147483647;
			files = (
				D33120B71A3E8A0A00F5B758 /* SDL2.framework in Frameworks */,
				D33120B61A3E89EC00F5B758 /* SDL2_mixer.framework in Frameworks */,
				D33120B51A3E89D300F5B758 /* SDL2_net.framework in Frameworks */,
			);
			runOnlyForDeploymentPostprocessing = 0;
		};
/* End PBXFrameworksBuildPhase section */

/* Begin PBXGroup section */
		D33120E91A3E8E7A00F5B758 /* goynlichOSX */ = {
			isa = PBXGroup;
			children = (
				D3A1A3F11A3CED77007BF3DA /* SDL2_mixer.framework */,
				D3A1A3F41A3CED9E007BF3DA /* SDL2.framework */,
				D3A1A3F31A3CED9E007BF3DA /* SDL2_net.framework */,
			);
			path = goynlichOSX;
			sourceTree = "<group>";
		};
		D3A19D351A3CE3CE007BF3DA = {
			isa = PBXGroup;
			children = (
				D31600291A3FD692004F36CF /* Images.xcassets */,
				D316FFFB1A3FD1C1004F36CF /* gorynlich_16x16.png */,
				D316FFFC1A3FD1C1004F36CF /* gorynlich_24x24.png */,
				D316FFFD1A3FD1C2004F36CF /* gorynlich_29x29.png */,
				D316FFFE1A3FD1C2004F36CF /* gorynlich_32x32.png */,
				D316FFFF1A3FD1C2004F36CF /* gorynlich_48x48.png */,
				D31600001A3FD1C2004F36CF /* gorynlich_50x50.png */,
				D31600011A3FD1C2004F36CF /* gorynlich_57x57.png */,
				D31600021A3FD1C2004F36CF /* gorynlich_58x58.png */,
				D31600031A3FD1C2004F36CF /* gorynlich_72x72.png */,
				D31600041A3FD1C2004F36CF /* gorynlich_96x96.png */,
				D31600051A3FD1C2004F36CF /* gorynlich_114x114.png */,
				D31600061A3FD1C2004F36CF /* gorynlich_128x128.png */,
				D31600071A3FD1C2004F36CF /* gorynlich_256x256.png */,
				D31600081A3FD1C2004F36CF /* gorynlich_512x512.icns */,
				D31600091A3FD1C2004F36CF /* gorynlich_512x512.png */,
				D316000A1A3FD1C2004F36CF /* gorynlich.png */,
				D316000B1A3FD1C2004F36CF /* Icon-72.png */,
				D316000C1A3FD1C2004F36CF /* Icon-Small-50.png */,
				D316000D1A3FD1C2004F36CF /* Icon-Small.png */,
				D316000E1A3FD1C2004F36CF /* Icon-Small@2x.png */,
				D316000F1A3FD1C2004F36CF /* Icon.png */,
				D31600101A3FD1C2004F36CF /* Icon@2x.png */,
				D31600111A3FD1C2004F36CF /* iTunesArtwork */,
				D33120E91A3E8E7A00F5B758 /* goynlichOSX */,
				D3A19D3F1A3CE3CE007BF3DA /* Products */,
			);
			sourceTree = "<group>";
		};
		D3A19D3F1A3CE3CE007BF3DA /* Products */ = {
			isa = PBXGroup;
			children = (
				D33120461A3E83A600F5B758 /* gorynlichOSX.app */,
			);
			name = Products;
			sourceTree = "<group>";
		};
/* End PBXGroup section */

/* Begin PBXNativeTarget section */
		D33120451A3E83A600F5B758 /* gorynlichOSX */ = {
			isa = PBXNativeTarget;
			buildConfigurationList = D33120681A3E83A700F5B758 /* Build configuration list for PBXNativeTarget "gorynlichOSX" */;
			buildPhases = (
				D33120421A3E83A600F5B758 /* Sources */,
				D33120431A3E83A600F5B758 /* Frameworks */,
				D33120441A3E83A600F5B758 /* Resources */,
			);
			buildRules = (
			);
			dependencies = (
			);
			name = gorynlichOSX;
			productName = gorynlichOSX;
			productReference = D33120461A3E83A600F5B758 /* gorynlichOSX.app */;
			productType = "com.apple.product-type.application";
		};
/* End PBXNativeTarget section */

/* Begin PBXProject section */
		D3A19D361A3CE3CE007BF3DA /* Project object */ = {
			isa = PBXProject;
			attributes = {
				LastUpgradeCheck = 0610;
				ORGANIZATIONNAME = "Neil McGill";
				TargetAttributes = {
					D33120451A3E83A600F5B758 = {
						CreatedOnToolsVersion = 6.1.1;
					};
				};
			};
			buildConfigurationList = D3A19D391A3CE3CE007BF3DA /* Build configuration list for PBXProject "gorynlich" */;
			compatibilityVersion = "Xcode 3.2";
			developmentRegion = English;
			hasScannedForEncodings = 0;
			knownRegions = (
				en,
				Base,
			);
			mainGroup = D3A19D351A3CE3CE007BF3DA;
			productRefGroup = D3A19D3F1A3CE3CE007BF3DA /* Products */;
			projectDirPath = "";
			projectRoot = "";
			targets = (
				D33120451A3E83A600F5B758 /* gorynlichOSX */,
			);
		};
/* End PBXProject section */

/* Begin PBXResourcesBuildPhase section */
		D33120441A3E83A600F5B758 /* Resources */ = {
			isa = PBXResourcesBuildPhase;
			buildActionMask = 2147483647;
			files = (
				D31600131A3FD1C2004F36CF /* gorynlich_24x24.png in Resources */,
				D316001F1A3FD1C2004F36CF /* gorynlich_512x512.icns in Resources */,
				D316001C1A3FD1C2004F36CF /* gorynlich_114x114.png in Resources */,
				D31600231A3FD1C2004F36CF /* Icon-Small-50.png in Resources */,
				D31600121A3FD1C2004F36CF /* gorynlich_16x16.png in Resources */,
				D31600271A3FD1C2004F36CF /* Icon@2x.png in Resources */,
				D31600171A3FD1C2004F36CF /* gorynlich_50x50.png in Resources */,
				D316001D1A3FD1C2004F36CF /* gorynlich_128x128.png in Resources */,
				D316001A1A3FD1C2004F36CF /* gorynlich_72x72.png in Resources */,
				D316002A1A3FD692004F36CF /* Images.xcassets in Resources */,
				D316001E1A3FD1C2004F36CF /* gorynlich_256x256.png in Resources */,
				D31600161A3FD1C2004F36CF /* gorynlich_48x48.png in Resources */,
				D31600241A3FD1C2004F36CF /* Icon-Small.png in Resources */,
				D31600201A3FD1C2004F36CF /* gorynlich_512x512.png in Resources */,
				D31600261A3FD1C2004F36CF /* Icon.png in Resources */,
				D31600151A3FD1C2004F36CF /* gorynlich_32x32.png in Resources */,
				D31600251A3FD1C2004F36CF /* Icon-Small@2x.png in Resources */,
				D316001B1A3FD1C2004F36CF /* gorynlich_96x96.png in Resources */,
				D31600181A3FD1C2004F36CF /* gorynlich_57x57.png in Resources */,
				D31600191A3FD1C2004F36CF /* gorynlich_58x58.png in Resources */,
				D31600221A3FD1C2004F36CF /* Icon-72.png in Resources */,
				D31600281A3FD1C2004F36CF /* iTunesArtwork in Resources */,
				D31600141A3FD1C2004F36CF /* gorynlich_29x29.png in Resources */,
				D31600211A3FD1C2004F36CF /* gorynlich.png in Resources */,
			);
			runOnlyForDeploymentPostprocessing = 0;
		};
/* End PBXResourcesBuildPhase section */

/* Begin PBXSourcesBuildPhase section */
		D33120421A3E83A600F5B758 /* Sources */ = {
			isa = PBXSourcesBuildPhase;
			buildActionMask = 2147483647;
			files = (
			);
			runOnlyForDeploymentPostprocessing = 0;
		};
/* End PBXSourcesBuildPhase section */

/* Begin XCBuildConfiguration section */
		D33120691A3E83A700F5B758 /* Debug */ = {
			isa = XCBuildConfiguration;
			buildSettings = {
				ASSETCATALOG_COMPILER_APPICON_NAME = AppIcon;
				CODE_SIGN_IDENTITY = "";
				COMBINE_HIDPI_IMAGES = YES;
				DEBUG_INFORMATION_FORMAT = "dwarf-with-dsym";
				FRAMEWORK_SEARCH_PATHS = (
					"$(inherited)",
					"$(DEVELOPER_DIR)/SDKs/MacOSX10.6.sdk/System/Library/Frameworks",
					"$(DEVELOPER_DIR)/Platforms/iPhoneSimulator.platform/Developer/SDKs/iPhoneSimulator5.0.sdk/System/Library/Frameworks",
					"$(LOCAL_LIBRARY_DIR)/Frameworks",
				);
				GCC_PREPROCESSOR_DEFINITIONS = (
					"DEBUG=1",
					"$(inherited)",
				);
				INFOPLIST_FILE = gorynlichOSX/Info.plist;
				LD_RUNPATH_SEARCH_PATHS = "";
				MACOSX_DEPLOYMENT_TARGET = 10.9;
				ONLY_ACTIVE_ARCH = YES;
				PRODUCT_NAME = "$(TARGET_NAME)";
				SCAN_ALL_SOURCE_FILES_FOR_INCLUDES = YES;
			};
			name = Debug;
		};
		D331206A1A3E83A700F5B758 /* Release */ = {
			isa = XCBuildConfiguration;
			buildSettings = {
				ASSETCATALOG_COMPILER_APPICON_NAME = AppIcon;
				CODE_SIGN_IDENTITY = "";
				COMBINE_HIDPI_IMAGES = YES;
				DEBUG_INFORMATION_FORMAT = "dwarf-with-dsym";
				FRAMEWORK_SEARCH_PATHS = (
					"$(inherited)",
					"$(DEVELOPER_DIR)/SDKs/MacOSX10.6.sdk/System/Library/Frameworks",
					"$(DEVELOPER_DIR)/Platforms/iPhoneSimulator.platform/Developer/SDKs/iPhoneSimulator5.0.sdk/System/Library/Frameworks",
					"$(LOCAL_LIBRARY_DIR)/Frameworks",
				);
				INFOPLIST_FILE = gorynlichOSX/Info.plist;
				LD_RUNPATH_SEARCH_PATHS = "";
				MACOSX_DEPLOYMENT_TARGET = 10.9;
				ONLY_ACTIVE_ARCH = YES;
				PRODUCT_NAME = "$(TARGET_NAME)";
				SCAN_ALL_SOURCE_FILES_FOR_INCLUDES = YES;
			};
			name = Release;
		};
		D3A19D431A3CE3CE007BF3DA /* Debug */ = {
			isa = XCBuildConfiguration;
			buildSettings = {
				ALWAYS_SEARCH_USER_PATHS = NO;
				CLANG_CXX_LANGUAGE_STANDARD = "gnu++0x";
				CLANG_CXX_LIBRARY = "libc++";
				CLANG_ENABLE_MODULES = YES;
				CLANG_ENABLE_OBJC_ARC = YES;
				CLANG_WARN_BOOL_CONVERSION = YES;
				CLANG_WARN_CONSTANT_CONVERSION = YES;
				CLANG_WARN_DIRECT_OBJC_ISA_USAGE = YES_ERROR;
				CLANG_WARN_EMPTY_BODY = YES;
				CLANG_WARN_ENUM_CONVERSION = YES;
				CLANG_WARN_INT_CONVERSION = YES;
				CLANG_WARN_OBJC_ROOT_CLASS = YES_ERROR;
				CLANG_WARN_UNREACHABLE_CODE = YES;
				CLANG_WARN__DUPLICATE_METHOD_MATCH = YES;
				COPY_PHASE_STRIP = NO;
				ENABLE_STRICT_OBJC_MSGSEND = YES;
				GCC_C_LANGUAGE_STANDARD = gnu99;
				GCC_DYNAMIC_NO_PIC = NO;
				GCC_OPTIMIZATION_LEVEL = 0;
				GCC_PREPROCESSOR_DEFINITIONS = (
					"DEBUG=1",
					"$(inherited)",
				);
				GCC_SYMBOLS_PRIVATE_EXTERN = NO;
				GCC_WARN_64_TO_32_BIT_CONVERSION = YES;
				GCC_WARN_ABOUT_RETURN_TYPE = YES_ERROR;
				GCC_WARN_UNDECLARED_SELECTOR = YES;
				GCC_WARN_UNINITIALIZED_AUTOS = YES_AGGRESSIVE;
				GCC_WARN_UNUSED_FUNCTION = YES;
				GCC_WARN_UNUSED_VARIABLE = YES;
				HEADER_SEARCH_PATHS = (
					"$(inherited)",
					/Applications/Xcode.app/Contents/Developer/Toolchains/XcodeDefault.xctoolchain/usr/include,
					/Library/Frameworks/SDL2.framework/Headers,
					/Library/Frameworks/SDL2_net.framework/Headers,
					/Library/Frameworks/SDL2_mixer.framework/Headers,
				);
				MACOSX_DEPLOYMENT_TARGET = 10.9;
				MTL_ENABLE_DEBUG_INFO = YES;
				ONLY_ACTIVE_ARCH = YES;
				SDKROOT = macosx;
			};
			name = Debug;
		};
		D3A19D441A3CE3CE007BF3DA /* Release */ = {
			isa = XCBuildConfiguration;
			buildSettings = {
				ALWAYS_SEARCH_USER_PATHS = NO;
				CLANG_CXX_LANGUAGE_STANDARD = "gnu++0x";
				CLANG_CXX_LIBRARY = "libc++";
				CLANG_ENABLE_MODULES = YES;
				CLANG_ENABLE_OBJC_ARC = YES;
				CLANG_WARN_BOOL_CONVERSION = YES;
				CLANG_WARN_CONSTANT_CONVERSION = YES;
				CLANG_WARN_DIRECT_OBJC_ISA_USAGE = YES_ERROR;
				CLANG_WARN_EMPTY_BODY = YES;
				CLANG_WARN_ENUM_CONVERSION = YES;
				CLANG_WARN_INT_CONVERSION = YES;
				CLANG_WARN_OBJC_ROOT_CLASS = YES_ERROR;
				CLANG_WARN_UNREACHABLE_CODE = YES;
				CLANG_WARN__DUPLICATE_METHOD_MATCH = YES;
				COPY_PHASE_STRIP = YES;
				DEBUG_INFORMATION_FORMAT = "dwarf-with-dsym";
				ENABLE_NS_ASSERTIONS = NO;
				ENABLE_STRICT_OBJC_MSGSEND = YES;
				GCC_C_LANGUAGE_STANDARD = gnu99;
				GCC_WARN_64_TO_32_BIT_CONVERSION = YES;
				GCC_WARN_ABOUT_RETURN_TYPE = YES_ERROR;
				GCC_WARN_UNDECLARED_SELECTOR = YES;
				GCC_WARN_UNINITIALIZED_AUTOS = YES_AGGRESSIVE;
				GCC_WARN_UNUSED_FUNCTION = YES;
				GCC_WARN_UNUSED_VARIABLE = YES;
				HEADER_SEARCH_PATHS = (
					"$(inherited)",
					/Applications/Xcode.app/Contents/Developer/Toolchains/XcodeDefault.xctoolchain/usr/include,
					/Library/Frameworks/SDL2.framework/Headers,
					/Library/Frameworks/SDL2_net.framework/Headers,
					/Library/Frameworks/SDL2_mixer.framework/Headers,
				);
				MACOSX_DEPLOYMENT_TARGET = 10.9;
				MTL_ENABLE_DEBUG_INFO = NO;
				SDKROOT = macosx;
			};
			name = Release;
		};
/* End XCBuildConfiguration section */

/* Begin XCConfigurationList section */
		D33120681A3E83A700F5B758 /* Build configuration list for PBXNativeTarget "gorynlichOSX" */ = {
			isa = XCConfigurationList;
			buildConfigurations = (
				D33120691A3E83A700F5B758 /* Debug */,
				D331206A1A3E83A700F5B758 /* Release */,
			);
			defaultConfigurationIsVisible = 0;
			defaultConfigurationName = Release;
		};
		D3A19D391A3CE3CE007BF3DA /* Build configuration list for PBXProject "gorynlich" */ = {
			isa = XCConfigurationList;
			buildConfigurations = (
				D3A19D431A3CE3CE007BF3DA /* Debug */,
				D3A19D441A3CE3CE007BF3DA /* Release */,
			);
			defaultConfigurationIsVisible = 0;
			defaultConfigurationName = Release;
		};
/* End XCConfigurationList section */
	};
	rootObject = D3A19D361A3CE3CE007BF3DA /* Project object */;
}
